lockfileVersion: '9.0'

settings:
  autoInstallPeers: true
  excludeLinksFromLockfile: false

importers:

  .:
    dependencies:
      chart.js:
        specifier: ^4.4.8
        version: 4.4.8
      copy-to-clipboard:
        specifier: ^3.3.3
        version: 3.3.3
    devDependencies:
      '@popperjs/core':
        specifier: ^2.11.8
        version: 2.11.8
      '@types/http-proxy':
        specifier: ^1.17.16
        version: 1.17.16
      bootstrap:
        specifier: ^5.3.3
        version: 5.3.3(@popperjs/core@2.11.8)
      feather-icons:
        specifier: ^4.29.2
        version: 4.29.2
      http-proxy:
        specifier: ^1.18.1
        version: 1.18.1
      jquery:
        specifier: ^3.7.1
        version: 3.7.1
      json-server:
        specifier: 1.0.0-beta.3
        version: 1.0.0-beta.3
      simple-notify:
        specifier: ^1.0.6
        version: 1.0.6
      typescript:
        specifier: ^5.8.2
        version: 5.8.2
      vite:
        specifier: ^6.2.5
        version: 6.2.5(@types/node@22.14.0)
      vite-plugin-ngrok:
        specifier: ^1.1.2
        version: 1.1.2(vite@6.2.5(@types/node@22.14.0))

packages:

  '@esbuild/aix-ppc64@0.25.2':
    resolution: {integrity: sha512-wCIboOL2yXZym2cgm6mlA742s9QeJ8DjGVaL39dLN4rRwrOgOyYSnOaFPhKZGLb2ngj4EyfAFjsNJwPXZvseag==}
    engines: {node: '>=18'}
    cpu: [ppc64]
    os: [aix]

  '@esbuild/android-arm64@0.25.2':
    resolution: {integrity: sha512-5ZAX5xOmTligeBaeNEPnPaeEuah53Id2tX4c2CVP3JaROTH+j4fnfHCkr1PjXMd78hMst+TlkfKcW/DlTq0i4w==}
    engines: {node: '>=18'}
    cpu: [arm64]
    os: [android]

  '@esbuild/android-arm@0.25.2':
    resolution: {integrity: sha512-NQhH7jFstVY5x8CKbcfa166GoV0EFkaPkCKBQkdPJFvo5u+nGXLEH/ooniLb3QI8Fk58YAx7nsPLozUWfCBOJA==}
    engines: {node: '>=18'}
    cpu: [arm]
    os: [android]

  '@esbuild/android-x64@0.25.2':
    resolution: {integrity: sha512-Ffcx+nnma8Sge4jzddPHCZVRvIfQ0kMsUsCMcJRHkGJ1cDmhe4SsrYIjLUKn1xpHZybmOqCWwB0zQvsjdEHtkg==}
    engines: {node: '>=18'}
    cpu: [x64]
    os: [android]

  '@esbuild/darwin-arm64@0.25.2':
    resolution: {integrity: sha512-MpM6LUVTXAzOvN4KbjzU/q5smzryuoNjlriAIx+06RpecwCkL9JpenNzpKd2YMzLJFOdPqBpuub6eVRP5IgiSA==}
    engines: {node: '>=18'}
    cpu: [arm64]
    os: [darwin]

  '@esbuild/darwin-x64@0.25.2':
    resolution: {integrity: sha512-5eRPrTX7wFyuWe8FqEFPG2cU0+butQQVNcT4sVipqjLYQjjh8a8+vUTfgBKM88ObB85ahsnTwF7PSIt6PG+QkA==}
    engines: {node: '>=18'}
    cpu: [x64]
    os: [darwin]

  '@esbuild/freebsd-arm64@0.25.2':
    resolution: {integrity: sha512-mLwm4vXKiQ2UTSX4+ImyiPdiHjiZhIaE9QvC7sw0tZ6HoNMjYAqQpGyui5VRIi5sGd+uWq940gdCbY3VLvsO1w==}
    engines: {node: '>=18'}
    cpu: [arm64]
    os: [freebsd]

  '@esbuild/freebsd-x64@0.25.2':
    resolution: {integrity: sha512-6qyyn6TjayJSwGpm8J9QYYGQcRgc90nmfdUb0O7pp1s4lTY+9D0H9O02v5JqGApUyiHOtkz6+1hZNvNtEhbwRQ==}
    engines: {node: '>=18'}
    cpu: [x64]
    os: [freebsd]

  '@esbuild/linux-arm64@0.25.2':
    resolution: {integrity: sha512-gq/sjLsOyMT19I8obBISvhoYiZIAaGF8JpeXu1u8yPv8BE5HlWYobmlsfijFIZ9hIVGYkbdFhEqC0NvM4kNO0g==}
    engines: {node: '>=18'}
    cpu: [arm64]
    os: [linux]

  '@esbuild/linux-arm@0.25.2':
    resolution: {integrity: sha512-UHBRgJcmjJv5oeQF8EpTRZs/1knq6loLxTsjc3nxO9eXAPDLcWW55flrMVc97qFPbmZP31ta1AZVUKQzKTzb0g==}
    engines: {node: '>=18'}
    cpu: [arm]
    os: [linux]

  '@esbuild/linux-ia32@0.25.2':
    resolution: {integrity: sha512-bBYCv9obgW2cBP+2ZWfjYTU+f5cxRoGGQ5SeDbYdFCAZpYWrfjjfYwvUpP8MlKbP0nwZ5gyOU/0aUzZ5HWPuvQ==}
    engines: {node: '>=18'}
    cpu: [ia32]
    os: [linux]

  '@esbuild/linux-loong64@0.25.2':
    resolution: {integrity: sha512-SHNGiKtvnU2dBlM5D8CXRFdd+6etgZ9dXfaPCeJtz+37PIUlixvlIhI23L5khKXs3DIzAn9V8v+qb1TRKrgT5w==}
    engines: {node: '>=18'}
    cpu: [loong64]
    os: [linux]

  '@esbuild/linux-mips64el@0.25.2':
    resolution: {integrity: sha512-hDDRlzE6rPeoj+5fsADqdUZl1OzqDYow4TB4Y/3PlKBD0ph1e6uPHzIQcv2Z65u2K0kpeByIyAjCmjn1hJgG0Q==}
    engines: {node: '>=18'}
    cpu: [mips64el]
    os: [linux]

  '@esbuild/linux-ppc64@0.25.2':
    resolution: {integrity: sha512-tsHu2RRSWzipmUi9UBDEzc0nLc4HtpZEI5Ba+Omms5456x5WaNuiG3u7xh5AO6sipnJ9r4cRWQB2tUjPyIkc6g==}
    engines: {node: '>=18'}
    cpu: [ppc64]
    os: [linux]

  '@esbuild/linux-riscv64@0.25.2':
    resolution: {integrity: sha512-k4LtpgV7NJQOml/10uPU0s4SAXGnowi5qBSjaLWMojNCUICNu7TshqHLAEbkBdAszL5TabfvQ48kK84hyFzjnw==}
    engines: {node: '>=18'}
    cpu: [riscv64]
    os: [linux]

  '@esbuild/linux-s390x@0.25.2':
    resolution: {integrity: sha512-GRa4IshOdvKY7M/rDpRR3gkiTNp34M0eLTaC1a08gNrh4u488aPhuZOCpkF6+2wl3zAN7L7XIpOFBhnaE3/Q8Q==}
    engines: {node: '>=18'}
    cpu: [s390x]
    os: [linux]

  '@esbuild/linux-x64@0.25.2':
    resolution: {integrity: sha512-QInHERlqpTTZ4FRB0fROQWXcYRD64lAoiegezDunLpalZMjcUcld3YzZmVJ2H/Cp0wJRZ8Xtjtj0cEHhYc/uUg==}
    engines: {node: '>=18'}
    cpu: [x64]
    os: [linux]

  '@esbuild/netbsd-arm64@0.25.2':
    resolution: {integrity: sha512-talAIBoY5M8vHc6EeI2WW9d/CkiO9MQJ0IOWX8hrLhxGbro/vBXJvaQXefW2cP0z0nQVTdQ/eNyGFV1GSKrxfw==}
    engines: {node: '>=18'}
    cpu: [arm64]
    os: [netbsd]

  '@esbuild/netbsd-x64@0.25.2':
    resolution: {integrity: sha512-voZT9Z+tpOxrvfKFyfDYPc4DO4rk06qamv1a/fkuzHpiVBMOhpjK+vBmWM8J1eiB3OLSMFYNaOaBNLXGChf5tg==}
    engines: {node: '>=18'}
    cpu: [x64]
    os: [netbsd]

  '@esbuild/openbsd-arm64@0.25.2':
    resolution: {integrity: sha512-dcXYOC6NXOqcykeDlwId9kB6OkPUxOEqU+rkrYVqJbK2hagWOMrsTGsMr8+rW02M+d5Op5NNlgMmjzecaRf7Tg==}
    engines: {node: '>=18'}
    cpu: [arm64]
    os: [openbsd]

  '@esbuild/openbsd-x64@0.25.2':
    resolution: {integrity: sha512-t/TkWwahkH0Tsgoq1Ju7QfgGhArkGLkF1uYz8nQS/PPFlXbP5YgRpqQR3ARRiC2iXoLTWFxc6DJMSK10dVXluw==}
    engines: {node: '>=18'}
    cpu: [x64]
    os: [openbsd]

  '@esbuild/sunos-x64@0.25.2':
    resolution: {integrity: sha512-cfZH1co2+imVdWCjd+D1gf9NjkchVhhdpgb1q5y6Hcv9TP6Zi9ZG/beI3ig8TvwT9lH9dlxLq5MQBBgwuj4xvA==}
    engines: {node: '>=18'}
    cpu: [x64]
    os: [sunos]

  '@esbuild/win32-arm64@0.25.2':
    resolution: {integrity: sha512-7Loyjh+D/Nx/sOTzV8vfbB3GJuHdOQyrOryFdZvPHLf42Tk9ivBU5Aedi7iyX+x6rbn2Mh68T4qq1SDqJBQO5Q==}
    engines: {node: '>=18'}
    cpu: [arm64]
    os: [win32]

  '@esbuild/win32-ia32@0.25.2':
    resolution: {integrity: sha512-WRJgsz9un0nqZJ4MfhabxaD9Ft8KioqU3JMinOTvobbX6MOSUigSBlogP8QB3uxpJDsFS6yN+3FDBdqE5lg9kg==}
    engines: {node: '>=18'}
    cpu: [ia32]
    os: [win32]

  '@esbuild/win32-x64@0.25.2':
    resolution: {integrity: sha512-kM3HKb16VIXZyIeVrM1ygYmZBKybX8N4p754bw390wGO3Tf2j4L2/WYL+4suWujpgf6GBYs3jv7TyUivdd05JA==}
    engines: {node: '>=18'}
    cpu: [x64]
    os: [win32]

  '@kurkle/color@0.3.4':
    resolution: {integrity: sha512-M5UknZPHRu3DEDWoipU6sE8PdkZ6Z/S+v4dD+Ke8IaNlpdSQah50lz1KtcFBa2vsdOnwbbnxJwVM4wty6udA5w==}

  '@ngrok/ngrok-android-arm-eabi@1.4.1':
    resolution: {integrity: sha512-KQe59T8PhFg5XvWypcOCIgUakk/A9ipD1UvSgGuLI7pYIiVcx6oyW12RxCJr6cfdO0K5GrbUG6dlEXSmDD4jBg==}
    engines: {node: '>= 10'}
    cpu: [arm]
    os: [android]

  '@ngrok/ngrok-android-arm64@1.4.1':
    resolution: {integrity: sha512-WPYJenabIArkGmeVhBcIVtgXmLK297pfJCYHP1Tnw220ANEXFdo7EW4dZoP0AA0gxciFHGYnQUMOn1Meo0IQFQ==}
    engines: {node: '>= 10'}
    cpu: [arm64]
    os: [android]

  '@ngrok/ngrok-darwin-arm64@1.4.1':
    resolution: {integrity: sha512-hJW+ZDJ0uV7PieZAdZHdzR/WBRctjOkLzFqHTxSuNbmBr9uIg6PGf1dB2lySszK1wyKZL7wvh4GedQ4vSU5lkw==}
    engines: {node: '>= 10'}
    cpu: [arm64]
    os: [darwin]

  '@ngrok/ngrok-darwin-universal@1.4.1':
    resolution: {integrity: sha512-rUZKl/vr2cALpT1Ng91h8Jf5OfDtF+zNEC65AFWthPkHJpPQCLvuEC9hyF8XI52Bv45ORRb1YKR3hdhjZ4WGHQ==}
    engines: {node: '>= 10'}
    os: [darwin]

  '@ngrok/ngrok-darwin-x64@1.4.1':
    resolution: {integrity: sha512-UKIkRpsGBywAqvwz8L6R8ITz+xxPoZ58LSFhZoMAWm2alGOdA2js1eHZwwVTSz96/tmmSRE/H+r69TvtuL0lXA==}
    engines: {node: '>= 10'}
    cpu: [x64]
    os: [darwin]

  '@ngrok/ngrok-freebsd-x64@1.4.1':
    resolution: {integrity: sha512-v1xXqmu3f4W1PQt+NKlqXgLcpULYCSwStKGRSdgXljg1bRdOnW3ZdjbGzrIdKwQ7OcwZP34KbP13G+hqcTxo5Q==}
    engines: {node: '>= 10'}
    cpu: [x64]
    os: [freebsd]

  '@ngrok/ngrok-linux-arm-gnueabihf@1.4.1':
    resolution: {integrity: sha512-yEeiVAGQNUErkSpOI1EZI+X3AkHCGd8yzqfjHamnhEONkwxLcWuTiUfcwFeMVtE9jyLfvQxctldPXXAjvaI/QA==}
    engines: {node: '>= 10'}
    cpu: [arm]
    os: [linux]

  '@ngrok/ngrok-linux-arm64-gnu@1.4.1':
    resolution: {integrity: sha512-Fb2uju769eO/yOrWdbMvCXNczbXHnqNmN5TCYvqQbPdscFgrsNaJcVr2SmWOfBq+OcLWYbx6mXE1ki5yOZKU9w==}
    engines: {node: '>= 10'}
    cpu: [arm64]
    os: [linux]

  '@ngrok/ngrok-linux-arm64-musl@1.4.1':
    resolution: {integrity: sha512-nMTTZkUnwCzeIVDkoUdNqBKe6ArYXRWGjC4iXinfPOdENkb/tZ/eAjVdg+8bQ5PJgl/n/TbdZKNj//Jz2x8fdw==}
    engines: {node: '>= 10'}
    cpu: [arm64]
    os: [linux]

  '@ngrok/ngrok-linux-x64-gnu@1.4.1':
    resolution: {integrity: sha512-IfDaYd9ZGk7F0szHql5Tr3rlLBlhuKbbNXDVkujGy/njA4/YnckfsZilGEtgnR7aYgHo3NqppfEw+AOmlDytCw==}
    engines: {node: '>= 10'}
    cpu: [x64]
    os: [linux]

  '@ngrok/ngrok-linux-x64-musl@1.4.1':
    resolution: {integrity: sha512-Ze6wb2umg6hfJhxOrFQhiyIZOf9YjSRkefnaQdAaONrIKxiFsu5SIKQbp7MQRnm8wabB9i0OI0Q/TVBsxo/HLw==}
    engines: {node: '>= 10'}
    cpu: [x64]
    os: [linux]

  '@ngrok/ngrok-win32-ia32-msvc@1.4.1':
    resolution: {integrity: sha512-FV3dwGpbh1h2fJ7h+Od8vFRrR9RxqBUAI+ELxQxropDxwYp6rWGKFnfE+JUcT79fEH3OpA0ElULrIDrLgK7bgg==}
    engines: {node: '>= 10'}
    cpu: [ia32]
    os: [win32]

  '@ngrok/ngrok-win32-x64-msvc@1.4.1':
    resolution: {integrity: sha512-Zr1Dyel4M3cA1kjT/N5ftTiCdoPnVv/VbyE6AKKemP9DDFkTlpdvMwSXikm/ypNtCNFEs/+q8CBZPhhaKktl8A==}
    engines: {node: '>= 10'}
    cpu: [x64]
    os: [win32]

  '@ngrok/ngrok@1.4.1':
    resolution: {integrity: sha512-KZ7/T4UOY3BqJBdweJPeebKW34YzIH+a2y4o7yqTIowoi6dw3sMj140o1Q8FvpPbH5J6lr2TWVCWdgSTYvHNgw==}
    engines: {node: '>= 10'}

  '@polka/url@1.0.0-next.28':
    resolution: {integrity: sha512-8LduaNlMZGwdZ6qWrKlfa+2M4gahzFkprZiAt2TF8uS0qQgBizKXpXURqvTJ4WtmupWxaLqjRb2UCTe72mu+Aw==}

  '@popperjs/core@2.11.8':
    resolution: {integrity: sha512-P1st0aksCrn9sGZhp8GMYwBnQsbvAWsZAX44oXNNvLHGqAOcoVxmjZiohstwQ7SqKnbR47akdNi+uleWD8+g6A==}

  '@rollup/rollup-android-arm-eabi@4.39.0':
    resolution: {integrity: sha512-lGVys55Qb00Wvh8DMAocp5kIcaNzEFTmGhfFd88LfaogYTRKrdxgtlO5H6S49v2Nd8R2C6wLOal0qv6/kCkOwA==}
    cpu: [arm]
    os: [android]

  '@rollup/rollup-android-arm64@4.39.0':
    resolution: {integrity: sha512-It9+M1zE31KWfqh/0cJLrrsCPiF72PoJjIChLX+rEcujVRCb4NLQ5QzFkzIZW8Kn8FTbvGQBY5TkKBau3S8cCQ==}
    cpu: [arm64]
    os: [android]

  '@rollup/rollup-darwin-arm64@4.39.0':
    resolution: {integrity: sha512-lXQnhpFDOKDXiGxsU9/l8UEGGM65comrQuZ+lDcGUx+9YQ9dKpF3rSEGepyeR5AHZ0b5RgiligsBhWZfSSQh8Q==}
    cpu: [arm64]
    os: [darwin]

  '@rollup/rollup-darwin-x64@4.39.0':
    resolution: {integrity: sha512-mKXpNZLvtEbgu6WCkNij7CGycdw9cJi2k9v0noMb++Vab12GZjFgUXD69ilAbBh034Zwn95c2PNSz9xM7KYEAQ==}
    cpu: [x64]
    os: [darwin]

  '@rollup/rollup-freebsd-arm64@4.39.0':
    resolution: {integrity: sha512-jivRRlh2Lod/KvDZx2zUR+I4iBfHcu2V/BA2vasUtdtTN2Uk3jfcZczLa81ESHZHPHy4ih3T/W5rPFZ/hX7RtQ==}
    cpu: [arm64]
    os: [freebsd]

  '@rollup/rollup-freebsd-x64@4.39.0':
    resolution: {integrity: sha512-8RXIWvYIRK9nO+bhVz8DwLBepcptw633gv/QT4015CpJ0Ht8punmoHU/DuEd3iw9Hr8UwUV+t+VNNuZIWYeY7Q==}
    cpu: [x64]
    os: [freebsd]

  '@rollup/rollup-linux-arm-gnueabihf@4.39.0':
    resolution: {integrity: sha512-mz5POx5Zu58f2xAG5RaRRhp3IZDK7zXGk5sdEDj4o96HeaXhlUwmLFzNlc4hCQi5sGdR12VDgEUqVSHer0lI9g==}
    cpu: [arm]
    os: [linux]

  '@rollup/rollup-linux-arm-musleabihf@4.39.0':
    resolution: {integrity: sha512-+YDwhM6gUAyakl0CD+bMFpdmwIoRDzZYaTWV3SDRBGkMU/VpIBYXXEvkEcTagw/7VVkL2vA29zU4UVy1mP0/Yw==}
    cpu: [arm]
    os: [linux]

  '@rollup/rollup-linux-arm64-gnu@4.39.0':
    resolution: {integrity: sha512-EKf7iF7aK36eEChvlgxGnk7pdJfzfQbNvGV/+l98iiMwU23MwvmV0Ty3pJ0p5WQfm3JRHOytSIqD9LB7Bq7xdQ==}
    cpu: [arm64]
    os: [linux]

  '@rollup/rollup-linux-arm64-musl@4.39.0':
    resolution: {integrity: sha512-vYanR6MtqC7Z2SNr8gzVnzUul09Wi1kZqJaek3KcIlI/wq5Xtq4ZPIZ0Mr/st/sv/NnaPwy/D4yXg5x0B3aUUA==}
    cpu: [arm64]
    os: [linux]

  '@rollup/rollup-linux-loongarch64-gnu@4.39.0':
    resolution: {integrity: sha512-NMRUT40+h0FBa5fb+cpxtZoGAggRem16ocVKIv5gDB5uLDgBIwrIsXlGqYbLwW8YyO3WVTk1FkFDjMETYlDqiw==}
    cpu: [loong64]
    os: [linux]

  '@rollup/rollup-linux-powerpc64le-gnu@4.39.0':
    resolution: {integrity: sha512-0pCNnmxgduJ3YRt+D+kJ6Ai/r+TaePu9ZLENl+ZDV/CdVczXl95CbIiwwswu4L+K7uOIGf6tMo2vm8uadRaICQ==}
    cpu: [ppc64]
    os: [linux]

  '@rollup/rollup-linux-riscv64-gnu@4.39.0':
    resolution: {integrity: sha512-t7j5Zhr7S4bBtksT73bO6c3Qa2AV/HqiGlj9+KB3gNF5upcVkx+HLgxTm8DK4OkzsOYqbdqbLKwvGMhylJCPhQ==}
    cpu: [riscv64]
    os: [linux]

  '@rollup/rollup-linux-riscv64-musl@4.39.0':
    resolution: {integrity: sha512-m6cwI86IvQ7M93MQ2RF5SP8tUjD39Y7rjb1qjHgYh28uAPVU8+k/xYWvxRO3/tBN2pZkSMa5RjnPuUIbrwVxeA==}
    cpu: [riscv64]
    os: [linux]

  '@rollup/rollup-linux-s390x-gnu@4.39.0':
    resolution: {integrity: sha512-iRDJd2ebMunnk2rsSBYlsptCyuINvxUfGwOUldjv5M4tpa93K8tFMeYGpNk2+Nxl+OBJnBzy2/JCscGeO507kA==}
    cpu: [s390x]
    os: [linux]

  '@rollup/rollup-linux-x64-gnu@4.39.0':
    resolution: {integrity: sha512-t9jqYw27R6Lx0XKfEFe5vUeEJ5pF3SGIM6gTfONSMb7DuG6z6wfj2yjcoZxHg129veTqU7+wOhY6GX8wmf90dA==}
    cpu: [x64]
    os: [linux]

  '@rollup/rollup-linux-x64-musl@4.39.0':
    resolution: {integrity: sha512-ThFdkrFDP55AIsIZDKSBWEt/JcWlCzydbZHinZ0F/r1h83qbGeenCt/G/wG2O0reuENDD2tawfAj2s8VK7Bugg==}
    cpu: [x64]
    os: [linux]

  '@rollup/rollup-win32-arm64-msvc@4.39.0':
    resolution: {integrity: sha512-jDrLm6yUtbOg2TYB3sBF3acUnAwsIksEYjLeHL+TJv9jg+TmTwdyjnDex27jqEMakNKf3RwwPahDIt7QXCSqRQ==}
    cpu: [arm64]
    os: [win32]

  '@rollup/rollup-win32-ia32-msvc@4.39.0':
    resolution: {integrity: sha512-6w9uMuza+LbLCVoNKL5FSLE7yvYkq9laSd09bwS0tMjkwXrmib/4KmoJcrKhLWHvw19mwU+33ndC69T7weNNjQ==}
    cpu: [ia32]
    os: [win32]

  '@rollup/rollup-win32-x64-msvc@4.39.0':
    resolution: {integrity: sha512-yAkUOkIKZlK5dl7u6dg897doBgLXmUHhIINM2c+sND3DZwnrdQkkSiDh7N75Ll4mM4dxSkYfXqU9fW3lLkMFug==}
    cpu: [x64]
    os: [win32]

  '@tinyhttp/accepts@2.2.3':
    resolution: {integrity: sha512-9pQN6pJAJOU3McmdJWTcyq7LLFW8Lj5q+DadyKcvp+sxMkEpktKX5sbfJgJuOvjk6+1xWl7pe0YL1US1vaO/1w==}
    engines: {node: '>=12.20.0'}

  '@tinyhttp/app@2.5.2':
    resolution: {integrity: sha512-DcB3Y8GQppLQlO2VxRYF7LzTEAoZb+VRQXuIsErcu2fNaM1xdx6NQZDso5rlZUiaeg6KYYRfU34N4XkZbv6jSA==}
    engines: {node: '>=14.21.3'}

  '@tinyhttp/content-disposition@2.2.2':
    resolution: {integrity: sha512-crXw1txzrS36huQOyQGYFvhTeLeG0Si1xu+/l6kXUVYpE0TjFjEZRqTbuadQLfKGZ0jaI+jJoRyqaWwxOSHW2g==}
    engines: {node: '>=12.20.0'}

  '@tinyhttp/content-type@0.1.4':
    resolution: {integrity: sha512-dl6f3SHIJPYbhsW1oXdrqOmLSQF/Ctlv3JnNfXAE22kIP7FosqJHxkz/qj2gv465prG8ODKH5KEyhBkvwrueKQ==}
    engines: {node: '>=12.4'}

  '@tinyhttp/cookie-signature@2.1.1':
    resolution: {integrity: sha512-VDsSMY5OJfQJIAtUgeQYhqMPSZptehFSfvEEtxr+4nldPA8IImlp3QVcOVuK985g4AFR4Hl1sCbWCXoqBnVWnw==}
    engines: {node: '>=12.20.0'}

  '@tinyhttp/cookie@2.1.1':
    resolution: {integrity: sha512-h/kL9jY0e0Dvad+/QU3efKZww0aTvZJslaHj3JTPmIPC9Oan9+kYqmh3M6L5JUQRuTJYFK2nzgL2iJtH2S+6dA==}
    engines: {node: '>=12.20.0'}

  '@tinyhttp/cors@2.0.1':
    resolution: {integrity: sha512-qrmo6WJuaiCzKWagv2yA/kw6hIISfF/hOqPWwmI6w0o8apeTMmRN3DoCFvQ/wNVuWVdU5J4KU7OX8aaSOEq51A==}
    engines: {node: '>=12.20 || 14.x || >=16'}

  '@tinyhttp/encode-url@2.1.1':
    resolution: {integrity: sha512-AhY+JqdZ56qV77tzrBm0qThXORbsVjs/IOPgGCS7x/wWnsa/Bx30zDUU/jPAUcSzNOzt860x9fhdGpzdqbUeUw==}
    engines: {node: '>=12.20.0'}

  '@tinyhttp/etag@2.1.2':
    resolution: {integrity: sha512-j80fPKimGqdmMh6962y+BtQsnYPVCzZfJw0HXjyH70VaJBHLKGF+iYhcKqzI3yef6QBNa8DKIPsbEYpuwApXTw==}
    engines: {node: '>=12.20.0'}

  '@tinyhttp/forwarded@2.1.2':
    resolution: {integrity: sha512-9H/eulJ68ElY/+zYpTpNhZ7vxGV+cnwaR6+oQSm7bVgZMyuQfgROW/qvZuhmgDTIxnGMXst+Ba4ij6w6Krcs3w==}
    engines: {node: '>=12.20.0'}

  '@tinyhttp/logger@2.1.0':
    resolution: {integrity: sha512-Ma1fJ9CwUbn9r61/4HW6+nflsVoslpOnCrfQ6UeZq7GGIgwLzofms3HoSVG7M+AyRMJpxlfcDdbH5oFVroDMKA==}
    engines: {node: '>=14.18 || >=16.20'}

  '@tinyhttp/proxy-addr@2.2.1':
    resolution: {integrity: sha512-BicqMqVI91hHq2BQmnqJUh0FQUnx7DncwSGgu2ghlh+JZG2rHK2ZN/rXkfhrx1rrUw6hnd0L36O8GPMh01+dDQ==}
    engines: {node: '>=12.20.0'}

  '@tinyhttp/req@2.2.5':
    resolution: {integrity: sha512-trfsXwtmsNjMcGKcLJ+45h912kLRqBQCQD06ams3Tq0kf4gHLxjHjoYOC1Z9yGjOn81XllRx8wqvnvr+Kbe3gw==}
    engines: {node: '>=12.20.0'}

  '@tinyhttp/res@2.2.5':
    resolution: {integrity: sha512-yBsqjWygpuKAVz4moWlP4hqzwiDDqfrn2mA0wviJAcgvGiyOErtlQwXY7aj3aPiCpURvxvEFO//Gdy6yV+xEpA==}
    engines: {node: '>=12.20.0'}

  '@tinyhttp/router@2.2.3':
    resolution: {integrity: sha512-O0MQqWV3Vpg/uXsMYg19XsIgOhwjyhTYWh51Qng7bxqXixxx2PEvZWnFjP7c84K7kU/nUX41KpkEBTLnznk9/Q==}
    engines: {node: '>=12.20.0'}

  '@tinyhttp/send@2.2.3':
    resolution: {integrity: sha512-o4cVHHGQ8WjVBS8UT0EE/2WnjoybrfXikHwsRoNlG1pfrC/Sd01u1N4Te8cOd/9aNGLr4mGxWb5qTm2RRtEi7g==}
    engines: {node: '>=12.20.0'}

  '@tinyhttp/type-is@2.2.4':
    resolution: {integrity: sha512-7F328NheridwjIfefBB2j1PEcKKABpADgv7aCJaE8x8EON77ZFrAkI3Rir7pGjopV7V9MBmW88xUQigBEX2rmQ==}
    engines: {node: '>=12.20.0'}

  '@tinyhttp/url@2.1.1':
    resolution: {integrity: sha512-POJeq2GQ5jI7Zrdmj22JqOijB5/GeX+LEX7DUdml1hUnGbJOTWDx7zf2b5cCERj7RoXL67zTgyzVblBJC+NJWg==}
    engines: {node: '>=12.20.0'}

  '@tinyhttp/vary@0.1.3':
    resolution: {integrity: sha512-SoL83sQXAGiHN1jm2VwLUWQSQeDAAl1ywOm6T0b0Cg1CZhVsjoiZadmjhxF6FHCCY7OHHVaLnTgSMxTPIDLxMg==}
    engines: {node: '>=12.20'}

  '@types/estree@1.0.7':
    resolution: {integrity: sha512-w28IoSUCJpidD/TGviZwwMJckNESJZXFu7NBZ5YJ4mEUnNraUn9Pm8HSZm/jDF1pDWYKspWE7oVphigUPRakIQ==}

  '@types/http-proxy@1.17.16':
    resolution: {integrity: sha512-sdWoUajOB1cd0A8cRRQ1cfyWNbmFKLAqBB89Y8x5iYyG/mkJHc0YUH8pdWBy2omi9qtCpiIgGjuwO0dQST2l5w==}

  '@types/node@22.14.0':
    resolution: {integrity: sha512-Kmpl+z84ILoG+3T/zQFyAJsU6EPTmOCj8/2+83fSN6djd6I4o7uOuGIH6vq3PrjY5BGitSbFuMN18j3iknubbA==}

  bootstrap@5.3.3:
    resolution: {integrity: sha512-8HLCdWgyoMguSO9o+aH+iuZ+aht+mzW0u3HIMzVu7Srrpv7EBBxTnrFlSCskwdY1+EOFQSm7uMJhNQHkdPcmjg==}
    peerDependencies:
      '@popperjs/core': ^2.11.8

  chalk@5.4.1:
    resolution: {integrity: sha512-zgVZuo2WcZgfUEmsn6eO3kINexW8RAE4maiQ8QNs8CtpPCSyMiYsULR3HQYkm3w8FIA3SberyMJMSldGsW+U3w==}
    engines: {node: ^12.17.0 || ^14.13 || >=16.0.0}

  chart.js@4.4.8:
    resolution: {integrity: sha512-IkGZlVpXP+83QpMm4uxEiGqSI7jFizwVtF3+n5Pc3k7sMO+tkd0qxh2OzLhenM0K80xtmAONWGBn082EiBQSDA==}
    engines: {pnpm: '>=8'}

  chokidar@4.0.3:
    resolution: {integrity: sha512-Qgzu8kfBvo+cA4962jnP1KkS6Dop5NS6g7R5LFYJr4b8Ub94PPQXUksCw9PvXoeXPRRddRNC5C1JQUR2SMGtnA==}
    engines: {node: '>= 14.16.0'}

  classnames@2.5.1:
    resolution: {integrity: sha512-saHYOzhIQs6wy2sVxTM6bUDsQO4F50V9RQ22qBpEdCW+I+/Wmke2HOl6lS6dTpdxVhb88/I6+Hs+438c3lfUow==}

  colorette@2.0.20:
    resolution: {integrity: sha512-IfEDxwoWIjkeXL1eXcDiow4UbKjhLdq6/EuSVR9GMN7KVH3r9gQ83e73hsz1Nd1T3ijd5xv1wcWRYO+D6kCI2w==}

  copy-to-clipboard@3.3.3:
    resolution: {integrity: sha512-2KV8NhB5JqC3ky0r9PMCAZKbUHSwtEo4CwCs0KXgruG43gX5PMqDEBbVU4OUzw2MuAWUfsuFmWvEKG5QRfSnJA==}

  core-js@3.41.0:
    resolution: {integrity: sha512-SJ4/EHwS36QMJd6h/Rg+GyR4A5xE0FSI3eZ+iBVpfqf1x0eTSg1smWLHrA+2jQThZSh97fmSgFSU8B61nxosxA==}

  dayjs@1.11.13:
    resolution: {integrity: sha512-oaMBel6gjolK862uaPQOVTA7q3TZhuSvuMQAAglQDOWYO9A91IrAOUJEyKVlqJlHE0vq5p5UXxzdPfMH/x6xNg==}

  dot-prop@9.0.0:
    resolution: {integrity: sha512-1gxPBJpI/pcjQhKgIU91II6Wkay+dLcN3M6rf2uwP8hRur3HtQXjVrdAK3sjC0piaEuxzMwjXChcETiJl47lAQ==}
    engines: {node: '>=18'}

  es-escape-html@0.1.1:
    resolution: {integrity: sha512-yUx1o+8RsG7UlszmYPtks+dm6Lho2m8lgHMOsLJQsFI0R8XwUJwiMhM1M4E/S8QLeGyf6MkDV/pWgjQ0tdTSyQ==}
    engines: {node: '>=12.x'}

  esbuild@0.25.2:
    resolution: {integrity: sha512-16854zccKPnC+toMywC+uKNeYSv+/eXkevRAfwRD/G9Cleq66m8XFIrigkbvauLLlCfDL45Q2cWegSg53gGBnQ==}
    engines: {node: '>=18'}
    hasBin: true

  eta@3.5.0:
    resolution: {integrity: sha512-e3x3FBvGzeCIHhF+zhK8FZA2vC5uFn6b4HJjegUbIWrDb4mJ7JjTGMJY9VGIbRVpmSwHopNiaJibhjIr+HfLug==}
    engines: {node: '>=6.0.0'}

  eventemitter3@4.0.7:
    resolution: {integrity: sha512-8guHBZCwKnFhYdHr2ysuRWErTwhoN2X8XELRlrRwpmfeY2jjuUN4taQMsULKUVo1K4DvZl+0pgfyoysHxvmvEw==}

  feather-icons@4.29.2:
    resolution: {integrity: sha512-0TaCFTnBTVCz6U+baY2UJNKne5ifGh7sMG4ZC2LoBWCZdIyPa+y6UiR4lEYGws1JOFWdee8KAsAIvu0VcXqiqA==}

  follow-redirects@1.15.9:
    resolution: {integrity: sha512-gew4GsXizNgdoRyqmyfMHyAmXsZDk6mHkSxZFCzW9gwlbtOW44CDtYavM+y+72qD/Vq2l550kMF52DT8fOLJqQ==}
    engines: {node: '>=4.0'}
    peerDependencies:
      debug: '*'
    peerDependenciesMeta:
      debug:
        optional: true

  fsevents@2.3.3:
    resolution: {integrity: sha512-5xoDfX+fL7faATnagmWPpbFtwh/R77WmMMqqHGS65C3vvB0YHrgF+B1YmZ3441tMj5n63k0212XNoJwzlhffQw==}
    engines: {node: ^8.16.0 || ^10.6.0 || >=11.0.0}
    os: [darwin]

  header-range-parser@1.1.3:
    resolution: {integrity: sha512-B9zCFt3jH8g09LR1vHL4pcAn8yMEtlSlOUdQemzHMRKMImNIhhszdeosYFfNW0WXKQtXIlWB+O4owHJKvEJYaA==}
    engines: {node: '>=12.22.0'}

  http-proxy@1.18.1:
    resolution: {integrity: sha512-7mz/721AbnJwIVbnaSv1Cz3Am0ZLT/UBwkC92VlxhXv/k/BBQfM2fXElQNC27BVGr0uwUpplYPQM9LnaBMR5NQ==}
    engines: {node: '>=8.0.0'}

  http-status-emojis@2.2.0:
    resolution: {integrity: sha512-ompKtgwpx8ff0hsbpIB7oE4ax1LXoHmftsHHStMELX56ivG3GhofTX8ZHWlUaFKfGjcGjw6G3rPk7dJRXMmbbg==}

  inflection@3.0.2:
    resolution: {integrity: sha512-+Bg3+kg+J6JUWn8J6bzFmOWkTQ6L/NHfDRSYU+EVvuKHDxUDHAXgqixHfVlzuBQaPOTac8hn43aPhMNk6rMe3g==}
    engines: {node: '>=18.0.0'}

  ipaddr.js@2.2.0:
    resolution: {integrity: sha512-Ag3wB2o37wslZS19hZqorUnrnzSkpOVy+IiiDEiTqNubEYpYuHWIf6K4psgN2ZWKExS4xhVCrRVfb/wfW8fWJA==}
    engines: {node: '>= 10'}

  jquery@3.7.1:
    resolution: {integrity: sha512-m4avr8yL8kmFN8psrbFFFmB/If14iN5o9nw/NgnnM+kybDJpRsAynV2BsfpTYrTRysYUdADVD7CkUUizgkpLfg==}

  json-server@1.0.0-beta.3:
    resolution: {integrity: sha512-DwE69Ep5ccwIJZBUIWEENC30Yj8bwr4Ax9W9VoIWAYnB8Sj4ReptscO8/DRHv/nXwVlmb3Bk73Ls86+VZdYkkA==}
    engines: {node: '>=18.3'}
    hasBin: true

  json5@2.2.3:
    resolution: {integrity: sha512-XmOWe7eyHYH14cLdVPoyg+GOH3rYX++KpzrylJwSW98t3Nk+U8XOl8FWKOgwtzdb8lXGf6zYwDUzeHMWfxasyg==}
    engines: {node: '>=6'}
    hasBin: true

  lowdb@7.0.1:
    resolution: {integrity: sha512-neJAj8GwF0e8EpycYIDFqEPcx9Qz4GUho20jWFR7YiFeXzF1YMLdxB36PypcTSPMA+4+LvgyMacYhlr18Zlymw==}
    engines: {node: '>=18'}

  milliparsec@4.0.0:
    resolution: {integrity: sha512-/wk9d4Z6/9ZvoEH/6BI4TrTCgmkpZPuSRN/6fI9aUHOfXdNTuj/VhLS7d+NqG26bi6L9YmGXutVYvWC8zQ0qtA==}
    engines: {node: '>=20'}

  mime@4.0.4:
    resolution: {integrity: sha512-v8yqInVjhXyqP6+Kw4fV3ZzeMRqEW6FotRsKXjRS5VMTNIuXsdRoAvklpoRgSqXm6o9VNH4/C0mgedko9DdLsQ==}
    engines: {node: '>=16'}
    hasBin: true

  mrmime@2.0.1:
    resolution: {integrity: sha512-Y3wQdFg2Va6etvQ5I82yUhGdsKrcYox6p7FfL1LbK2J4V01F9TGlepTIhnK24t7koZibmg82KGglhA1XK5IsLQ==}
    engines: {node: '>=10'}

  nanoid@3.3.11:
    resolution: {integrity: sha512-N8SpfPUnUp1bK+PMYW8qSWdl9U+wwNWI4QKxOYDy9JAro3WMX7p2OeVRF9v+347pnakNevPmiHhNmZ2HbFA76w==}
    engines: {node: ^10 || ^12 || ^13.7 || ^14 || >=15.0.1}
    hasBin: true

  negotiator@0.6.4:
    resolution: {integrity: sha512-myRT3DiWPHqho5PrJaIRyaMv2kgYf0mUVgBNOYMuCH5Ki1yEiQaf/ZJuQ62nvpc44wL5WDbTX7yGJi1Neevw8w==}
    engines: {node: '>= 0.6'}

  picocolors@1.1.1:
    resolution: {integrity: sha512-xceH2snhtb5M9liqDsmEw56le376mTZkEX/jEb/RxNFyegNul7eNslCXP9FDj/Lcu0X8KEyMceP2ntpaHrDEVA==}

  postcss@8.5.3:
    resolution: {integrity: sha512-dle9A3yYxlBSrt8Fu+IpjGT8SY8hN0mlaA6GY8t0P5PjIOZemULz/E2Bnm/2dcUOena75OTNkHI76uZBNUUq3A==}
    engines: {node: ^10 || ^12 || >=14}

  readdirp@4.1.2:
    resolution: {integrity: sha512-GDhwkLfywWL2s6vEjyhri+eXmfH6j1L7JE27WhqLeYzoh/A3DBaYGEj2H/HFZCn/kMfim73FXxEJTw06WtxQwg==}
    engines: {node: '>= 14.18.0'}

  regexparam@2.0.2:
    resolution: {integrity: sha512-A1PeDEYMrkLrfyOwv2jwihXbo9qxdGD3atBYQA9JJgreAx8/7rC6IUkWOw2NQlOxLp2wL0ifQbh1HuidDfYA6w==}
    engines: {node: '>=8'}

  requires-port@1.0.0:
    resolution: {integrity: sha512-KigOCHcocU3XODJxsu8i/j8T9tzT4adHiecwORRQ0ZZFcp7ahwXuRU1m+yuO90C5ZUyGeGfocHDI14M3L3yDAQ==}

  rollup@4.39.0:
    resolution: {integrity: sha512-thI8kNc02yNvnmJp8dr3fNWJ9tCONDhp6TV35X6HkKGGs9E6q7YWCHbe5vKiTa7TAiNcFEmXKj3X/pG2b3ci0g==}
    engines: {node: '>=18.0.0', npm: '>=8.0.0'}
    hasBin: true

  simple-notify@1.0.6:
    resolution: {integrity: sha512-/nO2zwJvMls7MoViV8WpzJccI3LTOM4DfCc21gqtHJEzU1kKMHIBofj9AwjdVrosK+R2nJYJ8F/ImFLAdZpyAw==}

  sirv@2.0.4:
    resolution: {integrity: sha512-94Bdh3cC2PKrbgSOUqTiGPWVZeSiXfKOVZNJniWoqrWrRkB1CJzBU3NEbiTsPcYy1lDsANA/THzS+9WBiy5nfQ==}
    engines: {node: '>= 10'}

  sort-on@6.1.0:
    resolution: {integrity: sha512-WTECP0nYNWO1n2g5bpsV0yZN9cBmZsF8ThHFbOqVN0HBFRoaQZLLEMvMmJlKHNPYQeVngeI5+jJzIfFqOIo1OA==}
    engines: {node: '>=18'}

  source-map-js@1.2.1:
    resolution: {integrity: sha512-UXWMKhLOwVKb728IUtQPXxfYU+usdybtUrK/8uGE8CQMvrhOpwvzDBwj0QhSL7MQc7vIsISBG8VQ8+IDQxpfQA==}
    engines: {node: '>=0.10.0'}

  steno@4.0.2:
    resolution: {integrity: sha512-yhPIQXjrlt1xv7dyPQg2P17URmXbuM5pdGkpiMB3RenprfiBlvK415Lctfe0eshk90oA7/tNq7WEiMK8RSP39A==}
    engines: {node: '>=18'}

  toggle-selection@1.0.6:
    resolution: {integrity: sha512-BiZS+C1OS8g/q2RRbJmy59xpyghNBqrr6k5L/uKBGRsTfxmu3ffiRnd8mlGPUVayg8pvfi5urfnu8TU7DVOkLQ==}

  totalist@3.0.1:
    resolution: {integrity: sha512-sf4i37nQ2LBx4m3wB74y+ubopq6W/dIzXg0FDGjsYnZHVa1Da8FH853wlL2gtUhg+xJXjfk3kUZS3BRoQeoQBQ==}
    engines: {node: '>=6'}

  type-fest@4.39.1:
    resolution: {integrity: sha512-uW9qzd66uyHYxwyVBYiwS4Oi0qZyUqwjU+Oevr6ZogYiXt99EOYtwvzMSLw1c3lYo2HzJsep/NB23iEVEgjG/w==}
    engines: {node: '>=16'}

  typescript@5.8.2:
    resolution: {integrity: sha512-aJn6wq13/afZp/jT9QZmwEjDqqvSGp1VT5GVg+f/t6/oVyrgXM6BY1h9BRh/O5p3PlUPAe+WuiEZOmb/49RqoQ==}
    engines: {node: '>=14.17'}
    hasBin: true

  undici-types@6.21.0:
    resolution: {integrity: sha512-iwDZqg0QAGrg9Rav5H4n0M64c3mkR59cJ6wQp+7C4nI0gsmExaedaYLNO44eT4AtBBwjbTiGPMlt2Md0T9H9JQ==}

  vite-plugin-ngrok@1.1.2:
    resolution: {integrity: sha512-bsph6cX64Jdg6+yWQsDjYEJ3vT0u0Ii8V0HkNet/hqryee7r+F8M8a01vrymDA29CCCGHhRY0fvB6icPF0TJ+g==}
    peerDependencies:
      vite: ^2.9.0 || ^3.0.0 || ^4.0.0 || ^5.0.0 || ^6.0.0

  vite@6.2.5:
    resolution: {integrity: sha512-j023J/hCAa4pRIUH6J9HemwYfjB5llR2Ps0CWeikOtdR8+pAURAk0DoJC5/mm9kd+UgdnIy7d6HE4EAvlYhPhA==}
    engines: {node: ^18.0.0 || ^20.0.0 || >=22.0.0}
    hasBin: true
    peerDependencies:
      '@types/node': ^18.0.0 || ^20.0.0 || >=22.0.0
      jiti: '>=1.21.0'
      less: '*'
      lightningcss: ^1.21.0
      sass: '*'
      sass-embedded: '*'
      stylus: '*'
      sugarss: '*'
      terser: ^5.16.0
      tsx: ^4.8.1
      yaml: ^2.4.2
    peerDependenciesMeta:
      '@types/node':
        optional: true
      jiti:
        optional: true
      less:
        optional: true
      lightningcss:
        optional: true
      sass:
        optional: true
      sass-embedded:
        optional: true
      stylus:
        optional: true
      sugarss:
        optional: true
      terser:
        optional: true
      tsx:
        optional: true
      yaml:
        optional: true

snapshots:

  '@esbuild/aix-ppc64@0.25.2':
    optional: true

  '@esbuild/android-arm64@0.25.2':
    optional: true

  '@esbuild/android-arm@0.25.2':
    optional: true

  '@esbuild/android-x64@0.25.2':
    optional: true

  '@esbuild/darwin-arm64@0.25.2':
    optional: true

  '@esbuild/darwin-x64@0.25.2':
    optional: true

  '@esbuild/freebsd-arm64@0.25.2':
    optional: true

  '@esbuild/freebsd-x64@0.25.2':
    optional: true

  '@esbuild/linux-arm64@0.25.2':
    optional: true

  '@esbuild/linux-arm@0.25.2':
    optional: true

  '@esbuild/linux-ia32@0.25.2':
    optional: true

  '@esbuild/linux-loong64@0.25.2':
    optional: true

  '@esbuild/linux-mips64el@0.25.2':
    optional: true

  '@esbuild/linux-ppc64@0.25.2':
    optional: true

  '@esbuild/linux-riscv64@0.25.2':
    optional: true

  '@esbuild/linux-s390x@0.25.2':
    optional: true

  '@esbuild/linux-x64@0.25.2':
    optional: true

  '@esbuild/netbsd-arm64@0.25.2':
    optional: true

  '@esbuild/netbsd-x64@0.25.2':
    optional: true

  '@esbuild/openbsd-arm64@0.25.2':
    optional: true

  '@esbuild/openbsd-x64@0.25.2':
    optional: true

  '@esbuild/sunos-x64@0.25.2':
    optional: true

  '@esbuild/win32-arm64@0.25.2':
    optional: true

  '@esbuild/win32-ia32@0.25.2':
    optional: true

  '@esbuild/win32-x64@0.25.2':
    optional: true

  '@kurkle/color@0.3.4': {}

  '@ngrok/ngrok-android-arm-eabi@1.4.1':
    optional: true

  '@ngrok/ngrok-android-arm64@1.4.1':
    optional: true

  '@ngrok/ngrok-darwin-arm64@1.4.1':
    optional: true

  '@ngrok/ngrok-darwin-universal@1.4.1':
    optional: true

  '@ngrok/ngrok-darwin-x64@1.4.1':
    optional: true

  '@ngrok/ngrok-freebsd-x64@1.4.1':
    optional: true

  '@ngrok/ngrok-linux-arm-gnueabihf@1.4.1':
    optional: true

  '@ngrok/ngrok-linux-arm64-gnu@1.4.1':
    optional: true

  '@ngrok/ngrok-linux-arm64-musl@1.4.1':
    optional: true

  '@ngrok/ngrok-linux-x64-gnu@1.4.1':
    optional: true

  '@ngrok/ngrok-linux-x64-musl@1.4.1':
    optional: true

  '@ngrok/ngrok-win32-ia32-msvc@1.4.1':
    optional: true

  '@ngrok/ngrok-win32-x64-msvc@1.4.1':
    optional: true

  '@ngrok/ngrok@1.4.1':
    optionalDependencies:
      '@ngrok/ngrok-android-arm-eabi': 1.4.1
      '@ngrok/ngrok-android-arm64': 1.4.1
      '@ngrok/ngrok-darwin-arm64': 1.4.1
      '@ngrok/ngrok-darwin-universal': 1.4.1
      '@ngrok/ngrok-darwin-x64': 1.4.1
      '@ngrok/ngrok-freebsd-x64': 1.4.1
      '@ngrok/ngrok-linux-arm-gnueabihf': 1.4.1
      '@ngrok/ngrok-linux-arm64-gnu': 1.4.1
      '@ngrok/ngrok-linux-arm64-musl': 1.4.1
      '@ngrok/ngrok-linux-x64-gnu': 1.4.1
      '@ngrok/ngrok-linux-x64-musl': 1.4.1
      '@ngrok/ngrok-win32-ia32-msvc': 1.4.1
      '@ngrok/ngrok-win32-x64-msvc': 1.4.1

  '@polka/url@1.0.0-next.28': {}

  '@popperjs/core@2.11.8': {}

  '@rollup/rollup-android-arm-eabi@4.39.0':
    optional: true

  '@rollup/rollup-android-arm64@4.39.0':
    optional: true

  '@rollup/rollup-darwin-arm64@4.39.0':
    optional: true

  '@rollup/rollup-darwin-x64@4.39.0':
    optional: true

  '@rollup/rollup-freebsd-arm64@4.39.0':
    optional: true

  '@rollup/rollup-freebsd-x64@4.39.0':
    optional: true

  '@rollup/rollup-linux-arm-gnueabihf@4.39.0':
    optional: true

  '@rollup/rollup-linux-arm-musleabihf@4.39.0':
    optional: true

  '@rollup/rollup-linux-arm64-gnu@4.39.0':
    optional: true

  '@rollup/rollup-linux-arm64-musl@4.39.0':
    optional: true

  '@rollup/rollup-linux-loongarch64-gnu@4.39.0':
    optional: true

  '@rollup/rollup-linux-powerpc64le-gnu@4.39.0':
    optional: true

  '@rollup/rollup-linux-riscv64-gnu@4.39.0':
    optional: true

  '@rollup/rollup-linux-riscv64-musl@4.39.0':
    optional: true

  '@rollup/rollup-linux-s390x-gnu@4.39.0':
    optional: true

  '@rollup/rollup-linux-x64-gnu@4.39.0':
    optional: true

  '@rollup/rollup-linux-x64-musl@4.39.0':
    optional: true

  '@rollup/rollup-win32-arm64-msvc@4.39.0':
    optional: true

  '@rollup/rollup-win32-ia32-msvc@4.39.0':
    optional: true

  '@rollup/rollup-win32-x64-msvc@4.39.0':
    optional: true

  '@tinyhttp/accepts@2.2.3':
    dependencies:
      mime: 4.0.4
      negotiator: 0.6.4

  '@tinyhttp/app@2.5.2':
    dependencies:
      '@tinyhttp/cookie': 2.1.1
      '@tinyhttp/proxy-addr': 2.2.1
      '@tinyhttp/req': 2.2.5
      '@tinyhttp/res': 2.2.5
      '@tinyhttp/router': 2.2.3
      header-range-parser: 1.1.3
      regexparam: 2.0.2

  '@tinyhttp/content-disposition@2.2.2': {}

  '@tinyhttp/content-type@0.1.4': {}

  '@tinyhttp/cookie-signature@2.1.1': {}

  '@tinyhttp/cookie@2.1.1': {}

  '@tinyhttp/cors@2.0.1':
    dependencies:
      '@tinyhttp/vary': 0.1.3

  '@tinyhttp/encode-url@2.1.1': {}

  '@tinyhttp/etag@2.1.2': {}

  '@tinyhttp/forwarded@2.1.2': {}

  '@tinyhttp/logger@2.1.0':
    dependencies:
      colorette: 2.0.20
      dayjs: 1.11.13
      http-status-emojis: 2.2.0

  '@tinyhttp/proxy-addr@2.2.1':
    dependencies:
      '@tinyhttp/forwarded': 2.1.2
      ipaddr.js: 2.2.0

  '@tinyhttp/req@2.2.5':
    dependencies:
      '@tinyhttp/accepts': 2.2.3
      '@tinyhttp/type-is': 2.2.4
      '@tinyhttp/url': 2.1.1
      header-range-parser: 1.1.3

  '@tinyhttp/res@2.2.5':
    dependencies:
      '@tinyhttp/content-disposition': 2.2.2
      '@tinyhttp/cookie': 2.1.1
      '@tinyhttp/cookie-signature': 2.1.1
      '@tinyhttp/encode-url': 2.1.1
      '@tinyhttp/req': 2.2.5
      '@tinyhttp/send': 2.2.3
      '@tinyhttp/vary': 0.1.3
      es-escape-html: 0.1.1
      mime: 4.0.4

  '@tinyhttp/router@2.2.3': {}

  '@tinyhttp/send@2.2.3':
    dependencies:
      '@tinyhttp/content-type': 0.1.4
      '@tinyhttp/etag': 2.1.2
      mime: 4.0.4

  '@tinyhttp/type-is@2.2.4':
    dependencies:
      '@tinyhttp/content-type': 0.1.4
      mime: 4.0.4

  '@tinyhttp/url@2.1.1': {}

  '@tinyhttp/vary@0.1.3': {}

  '@types/estree@1.0.7': {}

  '@types/http-proxy@1.17.16':
    dependencies:
      '@types/node': 22.14.0

  '@types/node@22.14.0':
    dependencies:
      undici-types: 6.21.0

  bootstrap@5.3.3(@popperjs/core@2.11.8):
    dependencies:
      '@popperjs/core': 2.11.8

  chalk@5.4.1: {}

  chart.js@4.4.8:
    dependencies:
      '@kurkle/color': 0.3.4

  chokidar@4.0.3:
    dependencies:
      readdirp: 4.1.2

  classnames@2.5.1: {}

  colorette@2.0.20: {}

  copy-to-clipboard@3.3.3:
    dependencies:
      toggle-selection: 1.0.6

  core-js@3.41.0: {}

  dayjs@1.11.13: {}

  dot-prop@9.0.0:
    dependencies:
      type-fest: 4.39.1

  es-escape-html@0.1.1: {}

  esbuild@0.25.2:
    optionalDependencies:
      '@esbuild/aix-ppc64': 0.25.2
      '@esbuild/android-arm': 0.25.2
      '@esbuild/android-arm64': 0.25.2
      '@esbuild/android-x64': 0.25.2
      '@esbuild/darwin-arm64': 0.25.2
      '@esbuild/darwin-x64': 0.25.2
      '@esbuild/freebsd-arm64': 0.25.2
      '@esbuild/freebsd-x64': 0.25.2
      '@esbuild/linux-arm': 0.25.2
      '@esbuild/linux-arm64': 0.25.2
      '@esbuild/linux-ia32': 0.25.2
      '@esbuild/linux-loong64': 0.25.2
      '@esbuild/linux-mips64el': 0.25.2
      '@esbuild/linux-ppc64': 0.25.2
      '@esbuild/linux-riscv64': 0.25.2
      '@esbuild/linux-s390x': 0.25.2
      '@esbuild/linux-x64': 0.25.2
      '@esbuild/netbsd-arm64': 0.25.2
      '@esbuild/netbsd-x64': 0.25.2
      '@esbuild/openbsd-arm64': 0.25.2
      '@esbuild/openbsd-x64': 0.25.2
      '@esbuild/sunos-x64': 0.25.2
      '@esbuild/win32-arm64': 0.25.2
      '@esbuild/win32-ia32': 0.25.2
      '@esbuild/win32-x64': 0.25.2

  eta@3.5.0: {}

  eventemitter3@4.0.7: {}

  feather-icons@4.29.2:
    dependencies:
      classnames: 2.5.1
      core-js: 3.41.0

  follow-redirects@1.15.9: {}

  fsevents@2.3.3:
    optional: true

  header-range-parser@1.1.3: {}

  http-proxy@1.18.1:
    dependencies:
      eventemitter3: 4.0.7
      follow-redirects: 1.15.9
      requires-port: 1.0.0
    transitivePeerDependencies:
      - debug

  http-status-emojis@2.2.0: {}

  inflection@3.0.2: {}

  ipaddr.js@2.2.0: {}

  jquery@3.7.1: {}

  json-server@1.0.0-beta.3:
    dependencies:
      '@tinyhttp/app': 2.5.2
      '@tinyhttp/cors': 2.0.1
      '@tinyhttp/logger': 2.1.0
      chalk: 5.4.1
      chokidar: 4.0.3
      dot-prop: 9.0.0
      eta: 3.5.0
      inflection: 3.0.2
      json5: 2.2.3
      lowdb: 7.0.1
      milliparsec: 4.0.0
      sirv: 2.0.4
      sort-on: 6.1.0

  json5@2.2.3: {}

  lowdb@7.0.1:
    dependencies:
      steno: 4.0.2

  milliparsec@4.0.0: {}

  mime@4.0.4: {}

  mrmime@2.0.1: {}

  nanoid@3.3.11: {}

  negotiator@0.6.4: {}

  picocolors@1.1.1: {}

  postcss@8.5.3:
    dependencies:
      nanoid: 3.3.11
      picocolors: 1.1.1
      source-map-js: 1.2.1

  readdirp@4.1.2: {}

  regexparam@2.0.2: {}

  requires-port@1.0.0: {}

  rollup@4.39.0:
    dependencies:
      '@types/estree': 1.0.7
    optionalDependencies:
      '@rollup/rollup-android-arm-eabi': 4.39.0
      '@rollup/rollup-android-arm64': 4.39.0
      '@rollup/rollup-darwin-arm64': 4.39.0
      '@rollup/rollup-darwin-x64': 4.39.0
      '@rollup/rollup-freebsd-arm64': 4.39.0
      '@rollup/rollup-freebsd-x64': 4.39.0
      '@rollup/rollup-linux-arm-gnueabihf': 4.39.0
      '@rollup/rollup-linux-arm-musleabihf': 4.39.0
      '@rollup/rollup-linux-arm64-gnu': 4.39.0
      '@rollup/rollup-linux-arm64-musl': 4.39.0
      '@rollup/rollup-linux-loongarch64-gnu': 4.39.0
      '@rollup/rollup-linux-powerpc64le-gnu': 4.39.0
      '@rollup/rollup-linux-riscv64-gnu': 4.39.0
      '@rollup/rollup-linux-riscv64-musl': 4.39.0
      '@rollup/rollup-linux-s390x-gnu': 4.39.0
      '@rollup/rollup-linux-x64-gnu': 4.39.0
      '@rollup/rollup-linux-x64-musl': 4.39.0
      '@rollup/rollup-win32-arm64-msvc': 4.39.0
      '@rollup/rollup-win32-ia32-msvc': 4.39.0
      '@rollup/rollup-win32-x64-msvc': 4.39.0
      fsevents: 2.3.3

  simple-notify@1.0.6: {}

  sirv@2.0.4:
    dependencies:
      '@polka/url': 1.0.0-next.28
      mrmime: 2.0.1
      totalist: 3.0.1

  sort-on@6.1.0:
    dependencies:
      dot-prop: 9.0.0

  source-map-js@1.2.1: {}

  steno@4.0.2: {}

  toggle-selection@1.0.6: {}

  totalist@3.0.1: {}

  type-fest@4.39.1: {}

  typescript@5.8.2: {}

  undici-types@6.21.0: {}

  vite-plugin-ngrok@1.1.2(vite@6.2.5(@types/node@22.14.0)):
    dependencies:
      '@ngrok/ngrok': 1.4.1
      picocolors: 1.1.1
      vite: 6.2.5(@types/node@22.14.0)

  vite@6.2.5(@types/node@22.14.0):
    dependencies:
      esbuild: 0.25.2
      postcss: 8.5.3
      rollup: 4.39.0
    optionalDependencies:
      '@types/node': 22.14.0
      fsevents: 2.3.3
