lockfileVersion: '9.0'

settings:
  autoInstallPeers: true
  excludeLinksFromLockfile: false

importers:

  .:
    devDependencies:
      bootstrap:
        specifier: ^5.3.3
        version: 5.3.3(@popperjs/core@2.11.8)
      feather-icons:
        specifier: ^4.29.2
        version: 4.29.2
      json-server:
        specifier: 1.0.0-beta.3
        version: 1.0.0-beta.3
      simple-notify:
        specifier: ^1.0.6
        version: 1.0.6
      typescript:
        specifier: ^5.7.3
        version: 5.7.3
      vite:
        specifier: ^6.1.0
        version: 6.1.0

packages:

  '@esbuild/aix-ppc64@0.24.2':
    resolution: {integrity: sha512-thpVCb/rhxE/BnMLQ7GReQLLN8q9qbHmI55F4489/ByVg2aQaQ6kbcLb6FHkocZzQhxc4gx0sCk0tJkKBFzDhA==}
    engines: {node: '>=18'}
    cpu: [ppc64]
    os: [aix]

  '@esbuild/android-arm64@0.24.2':
    resolution: {integrity: sha512-cNLgeqCqV8WxfcTIOeL4OAtSmL8JjcN6m09XIgro1Wi7cF4t/THaWEa7eL5CMoMBdjoHOTh/vwTO/o2TRXIyzg==}
    engines: {node: '>=18'}
    cpu: [arm64]
    os: [android]

  '@esbuild/android-arm@0.24.2':
    resolution: {integrity: sha512-tmwl4hJkCfNHwFB3nBa8z1Uy3ypZpxqxfTQOcHX+xRByyYgunVbZ9MzUUfb0RxaHIMnbHagwAxuTL+tnNM+1/Q==}
    engines: {node: '>=18'}
    cpu: [arm]
    os: [android]

  '@esbuild/android-x64@0.24.2':
    resolution: {integrity: sha512-B6Q0YQDqMx9D7rvIcsXfmJfvUYLoP722bgfBlO5cGvNVb5V/+Y7nhBE3mHV9OpxBf4eAS2S68KZztiPaWq4XYw==}
    engines: {node: '>=18'}
    cpu: [x64]
    os: [android]

  '@esbuild/darwin-arm64@0.24.2':
    resolution: {integrity: sha512-kj3AnYWc+CekmZnS5IPu9D+HWtUI49hbnyqk0FLEJDbzCIQt7hg7ucF1SQAilhtYpIujfaHr6O0UHlzzSPdOeA==}
    engines: {node: '>=18'}
    cpu: [arm64]
    os: [darwin]

  '@esbuild/darwin-x64@0.24.2':
    resolution: {integrity: sha512-WeSrmwwHaPkNR5H3yYfowhZcbriGqooyu3zI/3GGpF8AyUdsrrP0X6KumITGA9WOyiJavnGZUwPGvxvwfWPHIA==}
    engines: {node: '>=18'}
    cpu: [x64]
    os: [darwin]

  '@esbuild/freebsd-arm64@0.24.2':
    resolution: {integrity: sha512-UN8HXjtJ0k/Mj6a9+5u6+2eZ2ERD7Edt1Q9IZiB5UZAIdPnVKDoG7mdTVGhHJIeEml60JteamR3qhsr1r8gXvg==}
    engines: {node: '>=18'}
    cpu: [arm64]
    os: [freebsd]

  '@esbuild/freebsd-x64@0.24.2':
    resolution: {integrity: sha512-TvW7wE/89PYW+IevEJXZ5sF6gJRDY/14hyIGFXdIucxCsbRmLUcjseQu1SyTko+2idmCw94TgyaEZi9HUSOe3Q==}
    engines: {node: '>=18'}
    cpu: [x64]
    os: [freebsd]

  '@esbuild/linux-arm64@0.24.2':
    resolution: {integrity: sha512-7HnAD6074BW43YvvUmE/35Id9/NB7BeX5EoNkK9obndmZBUk8xmJJeU7DwmUeN7tkysslb2eSl6CTrYz6oEMQg==}
    engines: {node: '>=18'}
    cpu: [arm64]
    os: [linux]

  '@esbuild/linux-arm@0.24.2':
    resolution: {integrity: sha512-n0WRM/gWIdU29J57hJyUdIsk0WarGd6To0s+Y+LwvlC55wt+GT/OgkwoXCXvIue1i1sSNWblHEig00GBWiJgfA==}
    engines: {node: '>=18'}
    cpu: [arm]
    os: [linux]

  '@esbuild/linux-ia32@0.24.2':
    resolution: {integrity: sha512-sfv0tGPQhcZOgTKO3oBE9xpHuUqguHvSo4jl+wjnKwFpapx+vUDcawbwPNuBIAYdRAvIDBfZVvXprIj3HA+Ugw==}
    engines: {node: '>=18'}
    cpu: [ia32]
    os: [linux]

  '@esbuild/linux-loong64@0.24.2':
    resolution: {integrity: sha512-CN9AZr8kEndGooS35ntToZLTQLHEjtVB5n7dl8ZcTZMonJ7CCfStrYhrzF97eAecqVbVJ7APOEe18RPI4KLhwQ==}
    engines: {node: '>=18'}
    cpu: [loong64]
    os: [linux]

  '@esbuild/linux-mips64el@0.24.2':
    resolution: {integrity: sha512-iMkk7qr/wl3exJATwkISxI7kTcmHKE+BlymIAbHO8xanq/TjHaaVThFF6ipWzPHryoFsesNQJPE/3wFJw4+huw==}
    engines: {node: '>=18'}
    cpu: [mips64el]
    os: [linux]

  '@esbuild/linux-ppc64@0.24.2':
    resolution: {integrity: sha512-shsVrgCZ57Vr2L8mm39kO5PPIb+843FStGt7sGGoqiiWYconSxwTiuswC1VJZLCjNiMLAMh34jg4VSEQb+iEbw==}
    engines: {node: '>=18'}
    cpu: [ppc64]
    os: [linux]

  '@esbuild/linux-riscv64@0.24.2':
    resolution: {integrity: sha512-4eSFWnU9Hhd68fW16GD0TINewo1L6dRrB+oLNNbYyMUAeOD2yCK5KXGK1GH4qD/kT+bTEXjsyTCiJGHPZ3eM9Q==}
    engines: {node: '>=18'}
    cpu: [riscv64]
    os: [linux]

  '@esbuild/linux-s390x@0.24.2':
    resolution: {integrity: sha512-S0Bh0A53b0YHL2XEXC20bHLuGMOhFDO6GN4b3YjRLK//Ep3ql3erpNcPlEFed93hsQAjAQDNsvcK+hV90FubSw==}
    engines: {node: '>=18'}
    cpu: [s390x]
    os: [linux]

  '@esbuild/linux-x64@0.24.2':
    resolution: {integrity: sha512-8Qi4nQcCTbLnK9WoMjdC9NiTG6/E38RNICU6sUNqK0QFxCYgoARqVqxdFmWkdonVsvGqWhmm7MO0jyTqLqwj0Q==}
    engines: {node: '>=18'}
    cpu: [x64]
    os: [linux]

  '@esbuild/netbsd-arm64@0.24.2':
    resolution: {integrity: sha512-wuLK/VztRRpMt9zyHSazyCVdCXlpHkKm34WUyinD2lzK07FAHTq0KQvZZlXikNWkDGoT6x3TD51jKQ7gMVpopw==}
    engines: {node: '>=18'}
    cpu: [arm64]
    os: [netbsd]

  '@esbuild/netbsd-x64@0.24.2':
    resolution: {integrity: sha512-VefFaQUc4FMmJuAxmIHgUmfNiLXY438XrL4GDNV1Y1H/RW3qow68xTwjZKfj/+Plp9NANmzbH5R40Meudu8mmw==}
    engines: {node: '>=18'}
    cpu: [x64]
    os: [netbsd]

  '@esbuild/openbsd-arm64@0.24.2':
    resolution: {integrity: sha512-YQbi46SBct6iKnszhSvdluqDmxCJA+Pu280Av9WICNwQmMxV7nLRHZfjQzwbPs3jeWnuAhE9Jy0NrnJ12Oz+0A==}
    engines: {node: '>=18'}
    cpu: [arm64]
    os: [openbsd]

  '@esbuild/openbsd-x64@0.24.2':
    resolution: {integrity: sha512-+iDS6zpNM6EnJyWv0bMGLWSWeXGN/HTaF/LXHXHwejGsVi+ooqDfMCCTerNFxEkM3wYVcExkeGXNqshc9iMaOA==}
    engines: {node: '>=18'}
    cpu: [x64]
    os: [openbsd]

  '@esbuild/sunos-x64@0.24.2':
    resolution: {integrity: sha512-hTdsW27jcktEvpwNHJU4ZwWFGkz2zRJUz8pvddmXPtXDzVKTTINmlmga3ZzwcuMpUvLw7JkLy9QLKyGpD2Yxig==}
    engines: {node: '>=18'}
    cpu: [x64]
    os: [sunos]

  '@esbuild/win32-arm64@0.24.2':
    resolution: {integrity: sha512-LihEQ2BBKVFLOC9ZItT9iFprsE9tqjDjnbulhHoFxYQtQfai7qfluVODIYxt1PgdoyQkz23+01rzwNwYfutxUQ==}
    engines: {node: '>=18'}
    cpu: [arm64]
    os: [win32]

  '@esbuild/win32-ia32@0.24.2':
    resolution: {integrity: sha512-q+iGUwfs8tncmFC9pcnD5IvRHAzmbwQ3GPS5/ceCyHdjXubwQWI12MKWSNSMYLJMq23/IUCvJMS76PDqXe1fxA==}
    engines: {node: '>=18'}
    cpu: [ia32]
    os: [win32]

  '@esbuild/win32-x64@0.24.2':
    resolution: {integrity: sha512-7VTgWzgMGvup6aSqDPLiW5zHaxYJGTO4OokMjIlrCtf+VpEL+cXKtCvg723iguPYI5oaUNdS+/V7OU2gvXVWEg==}
    engines: {node: '>=18'}
    cpu: [x64]
    os: [win32]

  '@polka/url@1.0.0-next.28':
    resolution: {integrity: sha512-8LduaNlMZGwdZ6qWrKlfa+2M4gahzFkprZiAt2TF8uS0qQgBizKXpXURqvTJ4WtmupWxaLqjRb2UCTe72mu+Aw==}

  '@popperjs/core@2.11.8':
    resolution: {integrity: sha512-P1st0aksCrn9sGZhp8GMYwBnQsbvAWsZAX44oXNNvLHGqAOcoVxmjZiohstwQ7SqKnbR47akdNi+uleWD8+g6A==}

  '@rollup/rollup-android-arm-eabi@4.34.8':
    resolution: {integrity: sha512-q217OSE8DTp8AFHuNHXo0Y86e1wtlfVrXiAlwkIvGRQv9zbc6mE3sjIVfwI8sYUyNxwOg0j/Vm1RKM04JcWLJw==}
    cpu: [arm]
    os: [android]

  '@rollup/rollup-android-arm64@4.34.8':
    resolution: {integrity: sha512-Gigjz7mNWaOL9wCggvoK3jEIUUbGul656opstjaUSGC3eT0BM7PofdAJaBfPFWWkXNVAXbaQtC99OCg4sJv70Q==}
    cpu: [arm64]
    os: [android]

  '@rollup/rollup-darwin-arm64@4.34.8':
    resolution: {integrity: sha512-02rVdZ5tgdUNRxIUrFdcMBZQoaPMrxtwSb+/hOfBdqkatYHR3lZ2A2EGyHq2sGOd0Owk80oV3snlDASC24He3Q==}
    cpu: [arm64]
    os: [darwin]

  '@rollup/rollup-darwin-x64@4.34.8':
    resolution: {integrity: sha512-qIP/elwR/tq/dYRx3lgwK31jkZvMiD6qUtOycLhTzCvrjbZ3LjQnEM9rNhSGpbLXVJYQ3rq39A6Re0h9tU2ynw==}
    cpu: [x64]
    os: [darwin]

  '@rollup/rollup-freebsd-arm64@4.34.8':
    resolution: {integrity: sha512-IQNVXL9iY6NniYbTaOKdrlVP3XIqazBgJOVkddzJlqnCpRi/yAeSOa8PLcECFSQochzqApIOE1GHNu3pCz+BDA==}
    cpu: [arm64]
    os: [freebsd]

  '@rollup/rollup-freebsd-x64@4.34.8':
    resolution: {integrity: sha512-TYXcHghgnCqYFiE3FT5QwXtOZqDj5GmaFNTNt3jNC+vh22dc/ukG2cG+pi75QO4kACohZzidsq7yKTKwq/Jq7Q==}
    cpu: [x64]
    os: [freebsd]

  '@rollup/rollup-linux-arm-gnueabihf@4.34.8':
    resolution: {integrity: sha512-A4iphFGNkWRd+5m3VIGuqHnG3MVnqKe7Al57u9mwgbyZ2/xF9Jio72MaY7xxh+Y87VAHmGQr73qoKL9HPbXj1g==}
    cpu: [arm]
    os: [linux]

  '@rollup/rollup-linux-arm-musleabihf@4.34.8':
    resolution: {integrity: sha512-S0lqKLfTm5u+QTxlFiAnb2J/2dgQqRy/XvziPtDd1rKZFXHTyYLoVL58M/XFwDI01AQCDIevGLbQrMAtdyanpA==}
    cpu: [arm]
    os: [linux]

  '@rollup/rollup-linux-arm64-gnu@4.34.8':
    resolution: {integrity: sha512-jpz9YOuPiSkL4G4pqKrus0pn9aYwpImGkosRKwNi+sJSkz+WU3anZe6hi73StLOQdfXYXC7hUfsQlTnjMd3s1A==}
    cpu: [arm64]
    os: [linux]

  '@rollup/rollup-linux-arm64-musl@4.34.8':
    resolution: {integrity: sha512-KdSfaROOUJXgTVxJNAZ3KwkRc5nggDk+06P6lgi1HLv1hskgvxHUKZ4xtwHkVYJ1Rep4GNo+uEfycCRRxht7+Q==}
    cpu: [arm64]
    os: [linux]

  '@rollup/rollup-linux-loongarch64-gnu@4.34.8':
    resolution: {integrity: sha512-NyF4gcxwkMFRjgXBM6g2lkT58OWztZvw5KkV2K0qqSnUEqCVcqdh2jN4gQrTn/YUpAcNKyFHfoOZEer9nwo6uQ==}
    cpu: [loong64]
    os: [linux]

  '@rollup/rollup-linux-powerpc64le-gnu@4.34.8':
    resolution: {integrity: sha512-LMJc999GkhGvktHU85zNTDImZVUCJ1z/MbAJTnviiWmmjyckP5aQsHtcujMjpNdMZPT2rQEDBlJfubhs3jsMfw==}
    cpu: [ppc64]
    os: [linux]

  '@rollup/rollup-linux-riscv64-gnu@4.34.8':
    resolution: {integrity: sha512-xAQCAHPj8nJq1PI3z8CIZzXuXCstquz7cIOL73HHdXiRcKk8Ywwqtx2wrIy23EcTn4aZ2fLJNBB8d0tQENPCmw==}
    cpu: [riscv64]
    os: [linux]

  '@rollup/rollup-linux-s390x-gnu@4.34.8':
    resolution: {integrity: sha512-DdePVk1NDEuc3fOe3dPPTb+rjMtuFw89gw6gVWxQFAuEqqSdDKnrwzZHrUYdac7A7dXl9Q2Vflxpme15gUWQFA==}
    cpu: [s390x]
    os: [linux]

  '@rollup/rollup-linux-x64-gnu@4.34.8':
    resolution: {integrity: sha512-8y7ED8gjxITUltTUEJLQdgpbPh1sUQ0kMTmufRF/Ns5tI9TNMNlhWtmPKKHCU0SilX+3MJkZ0zERYYGIVBYHIA==}
    cpu: [x64]
    os: [linux]

  '@rollup/rollup-linux-x64-musl@4.34.8':
    resolution: {integrity: sha512-SCXcP0ZpGFIe7Ge+McxY5zKxiEI5ra+GT3QRxL0pMMtxPfpyLAKleZODi1zdRHkz5/BhueUrYtYVgubqe9JBNQ==}
    cpu: [x64]
    os: [linux]

  '@rollup/rollup-win32-arm64-msvc@4.34.8':
    resolution: {integrity: sha512-YHYsgzZgFJzTRbth4h7Or0m5O74Yda+hLin0irAIobkLQFRQd1qWmnoVfwmKm9TXIZVAD0nZ+GEb2ICicLyCnQ==}
    cpu: [arm64]
    os: [win32]

  '@rollup/rollup-win32-ia32-msvc@4.34.8':
    resolution: {integrity: sha512-r3NRQrXkHr4uWy5TOjTpTYojR9XmF0j/RYgKCef+Ag46FWUTltm5ziticv8LdNsDMehjJ543x/+TJAek/xBA2w==}
    cpu: [ia32]
    os: [win32]

  '@rollup/rollup-win32-x64-msvc@4.34.8':
    resolution: {integrity: sha512-U0FaE5O1BCpZSeE6gBl3c5ObhePQSfk9vDRToMmTkbhCOgW4jqvtS5LGyQ76L1fH8sM0keRp4uDTsbjiUyjk0g==}
    cpu: [x64]
    os: [win32]

  '@tinyhttp/accepts@2.2.3':
    resolution: {integrity: sha512-9pQN6pJAJOU3McmdJWTcyq7LLFW8Lj5q+DadyKcvp+sxMkEpktKX5sbfJgJuOvjk6+1xWl7pe0YL1US1vaO/1w==}
    engines: {node: '>=12.20.0'}

  '@tinyhttp/app@2.5.0':
    resolution: {integrity: sha512-mwVY6RhTqF/s49tqNqpkRWbXAC7OmfpxR6YI6atp9xDauUOv3n1hv38AKy89Ga8HC8G2p1KR9vPD66VmF6VMnw==}
    engines: {node: '>=14.21.3'}

  '@tinyhttp/content-disposition@2.2.2':
    resolution: {integrity: sha512-crXw1txzrS36huQOyQGYFvhTeLeG0Si1xu+/l6kXUVYpE0TjFjEZRqTbuadQLfKGZ0jaI+jJoRyqaWwxOSHW2g==}
    engines: {node: '>=12.20.0'}

  '@tinyhttp/content-type@0.1.4':
    resolution: {integrity: sha512-dl6f3SHIJPYbhsW1oXdrqOmLSQF/Ctlv3JnNfXAE22kIP7FosqJHxkz/qj2gv465prG8ODKH5KEyhBkvwrueKQ==}
    engines: {node: '>=12.4'}

  '@tinyhttp/cookie-signature@2.1.1':
    resolution: {integrity: sha512-VDsSMY5OJfQJIAtUgeQYhqMPSZptehFSfvEEtxr+4nldPA8IImlp3QVcOVuK985g4AFR4Hl1sCbWCXoqBnVWnw==}
    engines: {node: '>=12.20.0'}

  '@tinyhttp/cookie@2.1.1':
    resolution: {integrity: sha512-h/kL9jY0e0Dvad+/QU3efKZww0aTvZJslaHj3JTPmIPC9Oan9+kYqmh3M6L5JUQRuTJYFK2nzgL2iJtH2S+6dA==}
    engines: {node: '>=12.20.0'}

  '@tinyhttp/cors@2.0.1':
    resolution: {integrity: sha512-qrmo6WJuaiCzKWagv2yA/kw6hIISfF/hOqPWwmI6w0o8apeTMmRN3DoCFvQ/wNVuWVdU5J4KU7OX8aaSOEq51A==}
    engines: {node: '>=12.20 || 14.x || >=16'}

  '@tinyhttp/encode-url@2.1.1':
    resolution: {integrity: sha512-AhY+JqdZ56qV77tzrBm0qThXORbsVjs/IOPgGCS7x/wWnsa/Bx30zDUU/jPAUcSzNOzt860x9fhdGpzdqbUeUw==}
    engines: {node: '>=12.20.0'}

  '@tinyhttp/etag@2.1.2':
    resolution: {integrity: sha512-j80fPKimGqdmMh6962y+BtQsnYPVCzZfJw0HXjyH70VaJBHLKGF+iYhcKqzI3yef6QBNa8DKIPsbEYpuwApXTw==}
    engines: {node: '>=12.20.0'}

  '@tinyhttp/forwarded@2.1.1':
    resolution: {integrity: sha512-nO3kq0R1LRl2+CAMlnggm22zE6sT8gfvGbNvSitV6F9eaUSurHP0A8YZFMihSkugHxK+uIegh1TKrqgD8+lyGQ==}
    engines: {node: '>=12.20.0'}

  '@tinyhttp/logger@2.0.0':
    resolution: {integrity: sha512-8DfLQjGDIaIJeivYamVrrpmwmsGwS8wt2DGvzlcY5HEBagdiI4QJy/veAFcUHuaJqufn4wLwmn4q5VUkW8BCpQ==}
    engines: {node: '>=14.18 || >=16.20'}

  '@tinyhttp/proxy-addr@2.2.0':
    resolution: {integrity: sha512-WM/PPL9xNvrs7/8Om5nhKbke5FHrP3EfjOOR+wBnjgESfibqn0K7wdUTnzSLp1lBmemr88os1XvzwymSgaibyA==}
    engines: {node: '>=12.20.0'}

  '@tinyhttp/req@2.2.4':
    resolution: {integrity: sha512-lQAZIAo0NOeghxFOZS57tQzxpHSPPLs9T68Krq2BncEBImKwqaDKUt7M9Y5Kb+rvC/GwIL3LeErhkg7f5iG4IQ==}
    engines: {node: '>=12.20.0'}

  '@tinyhttp/res@2.2.4':
    resolution: {integrity: sha512-ETBRShnO19oJyIg2XQHQoofXPWeTXPAuwnIVYkU8WaftvXd/Vz4y5+WFQDHUzKlmdGOw5fAFnrEU7pIVMeFeVA==}
    engines: {node: '>=12.20.0'}

  '@tinyhttp/router@2.2.3':
    resolution: {integrity: sha512-O0MQqWV3Vpg/uXsMYg19XsIgOhwjyhTYWh51Qng7bxqXixxx2PEvZWnFjP7c84K7kU/nUX41KpkEBTLnznk9/Q==}
    engines: {node: '>=12.20.0'}

  '@tinyhttp/send@2.2.3':
    resolution: {integrity: sha512-o4cVHHGQ8WjVBS8UT0EE/2WnjoybrfXikHwsRoNlG1pfrC/Sd01u1N4Te8cOd/9aNGLr4mGxWb5qTm2RRtEi7g==}
    engines: {node: '>=12.20.0'}

  '@tinyhttp/type-is@2.2.4':
    resolution: {integrity: sha512-7F328NheridwjIfefBB2j1PEcKKABpADgv7aCJaE8x8EON77ZFrAkI3Rir7pGjopV7V9MBmW88xUQigBEX2rmQ==}
    engines: {node: '>=12.20.0'}

  '@tinyhttp/url@2.1.1':
    resolution: {integrity: sha512-POJeq2GQ5jI7Zrdmj22JqOijB5/GeX+LEX7DUdml1hUnGbJOTWDx7zf2b5cCERj7RoXL67zTgyzVblBJC+NJWg==}
    engines: {node: '>=12.20.0'}

  '@tinyhttp/vary@0.1.3':
    resolution: {integrity: sha512-SoL83sQXAGiHN1jm2VwLUWQSQeDAAl1ywOm6T0b0Cg1CZhVsjoiZadmjhxF6FHCCY7OHHVaLnTgSMxTPIDLxMg==}
    engines: {node: '>=12.20'}

  '@types/estree@1.0.6':
    resolution: {integrity: sha512-AYnb1nQyY49te+VRAVgmzfcgjYS91mY5P0TKUDCLEM+gNnA+3T6rWITXRLYCpahpqSQbN5cE+gHpnPyXjHWxcw==}

  bootstrap@5.3.3:
    resolution: {integrity: sha512-8HLCdWgyoMguSO9o+aH+iuZ+aht+mzW0u3HIMzVu7Srrpv7EBBxTnrFlSCskwdY1+EOFQSm7uMJhNQHkdPcmjg==}
    peerDependencies:
      '@popperjs/core': ^2.11.8

  chalk@5.4.1:
    resolution: {integrity: sha512-zgVZuo2WcZgfUEmsn6eO3kINexW8RAE4maiQ8QNs8CtpPCSyMiYsULR3HQYkm3w8FIA3SberyMJMSldGsW+U3w==}
    engines: {node: ^12.17.0 || ^14.13 || >=16.0.0}

  chokidar@4.0.3:
    resolution: {integrity: sha512-Qgzu8kfBvo+cA4962jnP1KkS6Dop5NS6g7R5LFYJr4b8Ub94PPQXUksCw9PvXoeXPRRddRNC5C1JQUR2SMGtnA==}
    engines: {node: '>= 14.16.0'}

  classnames@2.5.1:
    resolution: {integrity: sha512-saHYOzhIQs6wy2sVxTM6bUDsQO4F50V9RQ22qBpEdCW+I+/Wmke2HOl6lS6dTpdxVhb88/I6+Hs+438c3lfUow==}

  colorette@2.0.20:
    resolution: {integrity: sha512-IfEDxwoWIjkeXL1eXcDiow4UbKjhLdq6/EuSVR9GMN7KVH3r9gQ83e73hsz1Nd1T3ijd5xv1wcWRYO+D6kCI2w==}

  core-js@3.40.0:
    resolution: {integrity: sha512-7vsMc/Lty6AGnn7uFpYT56QesI5D2Y/UkgKounk87OP9Z2H9Z8kj6jzcSGAxFmUtDOS0ntK6lbQz+Nsa0Jj6mQ==}

  dayjs@1.11.13:
    resolution: {integrity: sha512-oaMBel6gjolK862uaPQOVTA7q3TZhuSvuMQAAglQDOWYO9A91IrAOUJEyKVlqJlHE0vq5p5UXxzdPfMH/x6xNg==}

  dot-prop@9.0.0:
    resolution: {integrity: sha512-1gxPBJpI/pcjQhKgIU91II6Wkay+dLcN3M6rf2uwP8hRur3HtQXjVrdAK3sjC0piaEuxzMwjXChcETiJl47lAQ==}
    engines: {node: '>=18'}

  es-escape-html@0.1.1:
    resolution: {integrity: sha512-yUx1o+8RsG7UlszmYPtks+dm6Lho2m8lgHMOsLJQsFI0R8XwUJwiMhM1M4E/S8QLeGyf6MkDV/pWgjQ0tdTSyQ==}
    engines: {node: '>=12.x'}

  esbuild@0.24.2:
    resolution: {integrity: sha512-+9egpBW8I3CD5XPe0n6BfT5fxLzxrlDzqydF3aviG+9ni1lDC/OvMHcxqEFV0+LANZG5R1bFMWfUrjVsdwxJvA==}
    engines: {node: '>=18'}
    hasBin: true

  eta@3.5.0:
    resolution: {integrity: sha512-e3x3FBvGzeCIHhF+zhK8FZA2vC5uFn6b4HJjegUbIWrDb4mJ7JjTGMJY9VGIbRVpmSwHopNiaJibhjIr+HfLug==}
    engines: {node: '>=6.0.0'}

  feather-icons@4.29.2:
    resolution: {integrity: sha512-0TaCFTnBTVCz6U+baY2UJNKne5ifGh7sMG4ZC2LoBWCZdIyPa+y6UiR4lEYGws1JOFWdee8KAsAIvu0VcXqiqA==}

  fsevents@2.3.3:
    resolution: {integrity: sha512-5xoDfX+fL7faATnagmWPpbFtwh/R77WmMMqqHGS65C3vvB0YHrgF+B1YmZ3441tMj5n63k0212XNoJwzlhffQw==}
    engines: {node: ^8.16.0 || ^10.6.0 || >=11.0.0}
    os: [darwin]

  header-range-parser@1.1.3:
    resolution: {integrity: sha512-B9zCFt3jH8g09LR1vHL4pcAn8yMEtlSlOUdQemzHMRKMImNIhhszdeosYFfNW0WXKQtXIlWB+O4owHJKvEJYaA==}
    engines: {node: '>=12.22.0'}

  http-status-emojis@2.2.0:
    resolution: {integrity: sha512-ompKtgwpx8ff0hsbpIB7oE4ax1LXoHmftsHHStMELX56ivG3GhofTX8ZHWlUaFKfGjcGjw6G3rPk7dJRXMmbbg==}

  inflection@3.0.2:
    resolution: {integrity: sha512-+Bg3+kg+J6JUWn8J6bzFmOWkTQ6L/NHfDRSYU+EVvuKHDxUDHAXgqixHfVlzuBQaPOTac8hn43aPhMNk6rMe3g==}
    engines: {node: '>=18.0.0'}

  ipaddr.js@2.2.0:
    resolution: {integrity: sha512-Ag3wB2o37wslZS19hZqorUnrnzSkpOVy+IiiDEiTqNubEYpYuHWIf6K4psgN2ZWKExS4xhVCrRVfb/wfW8fWJA==}
    engines: {node: '>= 10'}

  json-server@1.0.0-beta.3:
    resolution: {integrity: sha512-DwE69Ep5ccwIJZBUIWEENC30Yj8bwr4Ax9W9VoIWAYnB8Sj4ReptscO8/DRHv/nXwVlmb3Bk73Ls86+VZdYkkA==}
    engines: {node: '>=18.3'}
    hasBin: true

  json5@2.2.3:
    resolution: {integrity: sha512-XmOWe7eyHYH14cLdVPoyg+GOH3rYX++KpzrylJwSW98t3Nk+U8XOl8FWKOgwtzdb8lXGf6zYwDUzeHMWfxasyg==}
    engines: {node: '>=6'}
    hasBin: true

  lowdb@7.0.1:
    resolution: {integrity: sha512-neJAj8GwF0e8EpycYIDFqEPcx9Qz4GUho20jWFR7YiFeXzF1YMLdxB36PypcTSPMA+4+LvgyMacYhlr18Zlymw==}
    engines: {node: '>=18'}

  milliparsec@4.0.0:
    resolution: {integrity: sha512-/wk9d4Z6/9ZvoEH/6BI4TrTCgmkpZPuSRN/6fI9aUHOfXdNTuj/VhLS7d+NqG26bi6L9YmGXutVYvWC8zQ0qtA==}
    engines: {node: '>=20'}

  mime@4.0.4:
    resolution: {integrity: sha512-v8yqInVjhXyqP6+Kw4fV3ZzeMRqEW6FotRsKXjRS5VMTNIuXsdRoAvklpoRgSqXm6o9VNH4/C0mgedko9DdLsQ==}
    engines: {node: '>=16'}
    hasBin: true

  mrmime@2.0.1:
    resolution: {integrity: sha512-Y3wQdFg2Va6etvQ5I82yUhGdsKrcYox6p7FfL1LbK2J4V01F9TGlepTIhnK24t7koZibmg82KGglhA1XK5IsLQ==}
    engines: {node: '>=10'}

  nanoid@3.3.8:
    resolution: {integrity: sha512-WNLf5Sd8oZxOm+TzppcYk8gVOgP+l58xNy58D0nbUnOxOWRWvlcCV4kUF7ltmI6PsrLl/BgKEyS4mqsGChFN0w==}
    engines: {node: ^10 || ^12 || ^13.7 || ^14 || >=15.0.1}
    hasBin: true

  negotiator@0.6.4:
    resolution: {integrity: sha512-myRT3DiWPHqho5PrJaIRyaMv2kgYf0mUVgBNOYMuCH5Ki1yEiQaf/ZJuQ62nvpc44wL5WDbTX7yGJi1Neevw8w==}
    engines: {node: '>= 0.6'}

  picocolors@1.1.1:
    resolution: {integrity: sha512-xceH2snhtb5M9liqDsmEw56le376mTZkEX/jEb/RxNFyegNul7eNslCXP9FDj/Lcu0X8KEyMceP2ntpaHrDEVA==}

  postcss@8.5.2:
    resolution: {integrity: sha512-MjOadfU3Ys9KYoX0AdkBlFEF1Vx37uCCeN4ZHnmwm9FfpbsGWMZeBLMmmpY+6Ocqod7mkdZ0DT31OlbsFrLlkA==}
    engines: {node: ^10 || ^12 || >=14}

  readdirp@4.1.2:
    resolution: {integrity: sha512-GDhwkLfywWL2s6vEjyhri+eXmfH6j1L7JE27WhqLeYzoh/A3DBaYGEj2H/HFZCn/kMfim73FXxEJTw06WtxQwg==}
    engines: {node: '>= 14.18.0'}

  regexparam@2.0.2:
    resolution: {integrity: sha512-A1PeDEYMrkLrfyOwv2jwihXbo9qxdGD3atBYQA9JJgreAx8/7rC6IUkWOw2NQlOxLp2wL0ifQbh1HuidDfYA6w==}
    engines: {node: '>=8'}

  rollup@4.34.8:
    resolution: {integrity: sha512-489gTVMzAYdiZHFVA/ig/iYFllCcWFHMvUHI1rpFmkoUtRlQxqh6/yiNqnYibjMZ2b/+FUQwldG+aLsEt6bglQ==}
    engines: {node: '>=18.0.0', npm: '>=8.0.0'}
    hasBin: true

  simple-notify@1.0.6:
    resolution: {integrity: sha512-/nO2zwJvMls7MoViV8WpzJccI3LTOM4DfCc21gqtHJEzU1kKMHIBofj9AwjdVrosK+R2nJYJ8F/ImFLAdZpyAw==}

  sirv@2.0.4:
    resolution: {integrity: sha512-94Bdh3cC2PKrbgSOUqTiGPWVZeSiXfKOVZNJniWoqrWrRkB1CJzBU3NEbiTsPcYy1lDsANA/THzS+9WBiy5nfQ==}
    engines: {node: '>= 10'}

  sort-on@6.1.0:
    resolution: {integrity: sha512-WTECP0nYNWO1n2g5bpsV0yZN9cBmZsF8ThHFbOqVN0HBFRoaQZLLEMvMmJlKHNPYQeVngeI5+jJzIfFqOIo1OA==}
    engines: {node: '>=18'}

  source-map-js@1.2.1:
    resolution: {integrity: sha512-UXWMKhLOwVKb728IUtQPXxfYU+usdybtUrK/8uGE8CQMvrhOpwvzDBwj0QhSL7MQc7vIsISBG8VQ8+IDQxpfQA==}
    engines: {node: '>=0.10.0'}

  steno@4.0.2:
    resolution: {integrity: sha512-yhPIQXjrlt1xv7dyPQg2P17URmXbuM5pdGkpiMB3RenprfiBlvK415Lctfe0eshk90oA7/tNq7WEiMK8RSP39A==}
    engines: {node: '>=18'}

  totalist@3.0.1:
    resolution: {integrity: sha512-sf4i37nQ2LBx4m3wB74y+ubopq6W/dIzXg0FDGjsYnZHVa1Da8FH853wlL2gtUhg+xJXjfk3kUZS3BRoQeoQBQ==}
    engines: {node: '>=6'}

  type-fest@4.35.0:
    resolution: {integrity: sha512-2/AwEFQDFEy30iOLjrvHDIH7e4HEWH+f1Yl1bI5XMqzuoCUqwYCdxachgsgv0og/JdVZUhbfjcJAoHj5L1753A==}
    engines: {node: '>=16'}

  typescript@5.7.3:
    resolution: {integrity: sha512-84MVSjMEHP+FQRPy3pX9sTVV/INIex71s9TL2Gm5FG/WG1SqXeKyZ0k7/blY/4FdOzI12CBy1vGc4og/eus0fw==}
    engines: {node: '>=14.17'}
    hasBin: true

  vite@6.1.0:
    resolution: {integrity: sha512-RjjMipCKVoR4hVfPY6GQTgveinjNuyLw+qruksLDvA5ktI1150VmcMBKmQaEWJhg/j6Uaf6dNCNA0AfdzUb/hQ==}
    engines: {node: ^18.0.0 || ^20.0.0 || >=22.0.0}
    hasBin: true
    peerDependencies:
      '@types/node': ^18.0.0 || ^20.0.0 || >=22.0.0
      jiti: '>=1.21.0'
      less: '*'
      lightningcss: ^1.21.0
      sass: '*'
      sass-embedded: '*'
      stylus: '*'
      sugarss: '*'
      terser: ^5.16.0
      tsx: ^4.8.1
      yaml: ^2.4.2
    peerDependenciesMeta:
      '@types/node':
        optional: true
      jiti:
        optional: true
      less:
        optional: true
      lightningcss:
        optional: true
      sass:
        optional: true
      sass-embedded:
        optional: true
      stylus:
        optional: true
      sugarss:
        optional: true
      terser:
        optional: true
      tsx:
        optional: true
      yaml:
        optional: true

snapshots:

  '@esbuild/aix-ppc64@0.24.2':
    optional: true

  '@esbuild/android-arm64@0.24.2':
    optional: true

  '@esbuild/android-arm@0.24.2':
    optional: true

  '@esbuild/android-x64@0.24.2':
    optional: true

  '@esbuild/darwin-arm64@0.24.2':
    optional: true

  '@esbuild/darwin-x64@0.24.2':
    optional: true

  '@esbuild/freebsd-arm64@0.24.2':
    optional: true

  '@esbuild/freebsd-x64@0.24.2':
    optional: true

  '@esbuild/linux-arm64@0.24.2':
    optional: true

  '@esbuild/linux-arm@0.24.2':
    optional: true

  '@esbuild/linux-ia32@0.24.2':
    optional: true

  '@esbuild/linux-loong64@0.24.2':
    optional: true

  '@esbuild/linux-mips64el@0.24.2':
    optional: true

  '@esbuild/linux-ppc64@0.24.2':
    optional: true

  '@esbuild/linux-riscv64@0.24.2':
    optional: true

  '@esbuild/linux-s390x@0.24.2':
    optional: true

  '@esbuild/linux-x64@0.24.2':
    optional: true

  '@esbuild/netbsd-arm64@0.24.2':
    optional: true

  '@esbuild/netbsd-x64@0.24.2':
    optional: true

  '@esbuild/openbsd-arm64@0.24.2':
    optional: true

  '@esbuild/openbsd-x64@0.24.2':
    optional: true

  '@esbuild/sunos-x64@0.24.2':
    optional: true

  '@esbuild/win32-arm64@0.24.2':
    optional: true

  '@esbuild/win32-ia32@0.24.2':
    optional: true

  '@esbuild/win32-x64@0.24.2':
    optional: true

  '@polka/url@1.0.0-next.28': {}

  '@popperjs/core@2.11.8': {}

  '@rollup/rollup-android-arm-eabi@4.34.8':
    optional: true

  '@rollup/rollup-android-arm64@4.34.8':
    optional: true

  '@rollup/rollup-darwin-arm64@4.34.8':
    optional: true

  '@rollup/rollup-darwin-x64@4.34.8':
    optional: true

  '@rollup/rollup-freebsd-arm64@4.34.8':
    optional: true

  '@rollup/rollup-freebsd-x64@4.34.8':
    optional: true

  '@rollup/rollup-linux-arm-gnueabihf@4.34.8':
    optional: true

  '@rollup/rollup-linux-arm-musleabihf@4.34.8':
    optional: true

  '@rollup/rollup-linux-arm64-gnu@4.34.8':
    optional: true

  '@rollup/rollup-linux-arm64-musl@4.34.8':
    optional: true

  '@rollup/rollup-linux-loongarch64-gnu@4.34.8':
    optional: true

  '@rollup/rollup-linux-powerpc64le-gnu@4.34.8':
    optional: true

  '@rollup/rollup-linux-riscv64-gnu@4.34.8':
    optional: true

  '@rollup/rollup-linux-s390x-gnu@4.34.8':
    optional: true

  '@rollup/rollup-linux-x64-gnu@4.34.8':
    optional: true

  '@rollup/rollup-linux-x64-musl@4.34.8':
    optional: true

  '@rollup/rollup-win32-arm64-msvc@4.34.8':
    optional: true

  '@rollup/rollup-win32-ia32-msvc@4.34.8':
    optional: true

  '@rollup/rollup-win32-x64-msvc@4.34.8':
    optional: true

  '@tinyhttp/accepts@2.2.3':
    dependencies:
      mime: 4.0.4
      negotiator: 0.6.4

  '@tinyhttp/app@2.5.0':
    dependencies:
      '@tinyhttp/cookie': 2.1.1
      '@tinyhttp/proxy-addr': 2.2.0
      '@tinyhttp/req': 2.2.4
      '@tinyhttp/res': 2.2.4
      '@tinyhttp/router': 2.2.3
      header-range-parser: 1.1.3
      regexparam: 2.0.2

  '@tinyhttp/content-disposition@2.2.2': {}

  '@tinyhttp/content-type@0.1.4': {}

  '@tinyhttp/cookie-signature@2.1.1': {}

  '@tinyhttp/cookie@2.1.1': {}

  '@tinyhttp/cors@2.0.1':
    dependencies:
      '@tinyhttp/vary': 0.1.3

  '@tinyhttp/encode-url@2.1.1': {}

  '@tinyhttp/etag@2.1.2': {}

  '@tinyhttp/forwarded@2.1.1': {}

  '@tinyhttp/logger@2.0.0':
    dependencies:
      colorette: 2.0.20
      dayjs: 1.11.13
      http-status-emojis: 2.2.0

  '@tinyhttp/proxy-addr@2.2.0':
    dependencies:
      '@tinyhttp/forwarded': 2.1.1
      ipaddr.js: 2.2.0

  '@tinyhttp/req@2.2.4':
    dependencies:
      '@tinyhttp/accepts': 2.2.3
      '@tinyhttp/type-is': 2.2.4
      '@tinyhttp/url': 2.1.1
      header-range-parser: 1.1.3

  '@tinyhttp/res@2.2.4':
    dependencies:
      '@tinyhttp/content-disposition': 2.2.2
      '@tinyhttp/cookie': 2.1.1
      '@tinyhttp/cookie-signature': 2.1.1
      '@tinyhttp/encode-url': 2.1.1
      '@tinyhttp/req': 2.2.4
      '@tinyhttp/send': 2.2.3
      '@tinyhttp/vary': 0.1.3
      es-escape-html: 0.1.1
      mime: 4.0.4

  '@tinyhttp/router@2.2.3': {}

  '@tinyhttp/send@2.2.3':
    dependencies:
      '@tinyhttp/content-type': 0.1.4
      '@tinyhttp/etag': 2.1.2
      mime: 4.0.4

  '@tinyhttp/type-is@2.2.4':
    dependencies:
      '@tinyhttp/content-type': 0.1.4
      mime: 4.0.4

  '@tinyhttp/url@2.1.1': {}

  '@tinyhttp/vary@0.1.3': {}

  '@types/estree@1.0.6': {}

  bootstrap@5.3.3(@popperjs/core@2.11.8):
    dependencies:
      '@popperjs/core': 2.11.8

  chalk@5.4.1: {}

  chokidar@4.0.3:
    dependencies:
      readdirp: 4.1.2

  classnames@2.5.1: {}

  colorette@2.0.20: {}

  core-js@3.40.0: {}

  dayjs@1.11.13: {}

  dot-prop@9.0.0:
    dependencies:
      type-fest: 4.35.0

  es-escape-html@0.1.1: {}

  esbuild@0.24.2:
    optionalDependencies:
      '@esbuild/aix-ppc64': 0.24.2
      '@esbuild/android-arm': 0.24.2
      '@esbuild/android-arm64': 0.24.2
      '@esbuild/android-x64': 0.24.2
      '@esbuild/darwin-arm64': 0.24.2
      '@esbuild/darwin-x64': 0.24.2
      '@esbuild/freebsd-arm64': 0.24.2
      '@esbuild/freebsd-x64': 0.24.2
      '@esbuild/linux-arm': 0.24.2
      '@esbuild/linux-arm64': 0.24.2
      '@esbuild/linux-ia32': 0.24.2
      '@esbuild/linux-loong64': 0.24.2
      '@esbuild/linux-mips64el': 0.24.2
      '@esbuild/linux-ppc64': 0.24.2
      '@esbuild/linux-riscv64': 0.24.2
      '@esbuild/linux-s390x': 0.24.2
      '@esbuild/linux-x64': 0.24.2
      '@esbuild/netbsd-arm64': 0.24.2
      '@esbuild/netbsd-x64': 0.24.2
      '@esbuild/openbsd-arm64': 0.24.2
      '@esbuild/openbsd-x64': 0.24.2
      '@esbuild/sunos-x64': 0.24.2
      '@esbuild/win32-arm64': 0.24.2
      '@esbuild/win32-ia32': 0.24.2
      '@esbuild/win32-x64': 0.24.2

  eta@3.5.0: {}

  feather-icons@4.29.2:
    dependencies:
      classnames: 2.5.1
      core-js: 3.40.0

  fsevents@2.3.3:
    optional: true

  header-range-parser@1.1.3: {}

  http-status-emojis@2.2.0: {}

  inflection@3.0.2: {}

  ipaddr.js@2.2.0: {}

  json-server@1.0.0-beta.3:
    dependencies:
      '@tinyhttp/app': 2.5.0
      '@tinyhttp/cors': 2.0.1
      '@tinyhttp/logger': 2.0.0
      chalk: 5.4.1
      chokidar: 4.0.3
      dot-prop: 9.0.0
      eta: 3.5.0
      inflection: 3.0.2
      json5: 2.2.3
      lowdb: 7.0.1
      milliparsec: 4.0.0
      sirv: 2.0.4
      sort-on: 6.1.0

  json5@2.2.3: {}

  lowdb@7.0.1:
    dependencies:
      steno: 4.0.2

  milliparsec@4.0.0: {}

  mime@4.0.4: {}

  mrmime@2.0.1: {}

  nanoid@3.3.8: {}

  negotiator@0.6.4: {}

  picocolors@1.1.1: {}

  postcss@8.5.2:
    dependencies:
      nanoid: 3.3.8
      picocolors: 1.1.1
      source-map-js: 1.2.1

  readdirp@4.1.2: {}

  regexparam@2.0.2: {}

  rollup@4.34.8:
    dependencies:
      '@types/estree': 1.0.6
    optionalDependencies:
      '@rollup/rollup-android-arm-eabi': 4.34.8
      '@rollup/rollup-android-arm64': 4.34.8
      '@rollup/rollup-darwin-arm64': 4.34.8
      '@rollup/rollup-darwin-x64': 4.34.8
      '@rollup/rollup-freebsd-arm64': 4.34.8
      '@rollup/rollup-freebsd-x64': 4.34.8
      '@rollup/rollup-linux-arm-gnueabihf': 4.34.8
      '@rollup/rollup-linux-arm-musleabihf': 4.34.8
      '@rollup/rollup-linux-arm64-gnu': 4.34.8
      '@rollup/rollup-linux-arm64-musl': 4.34.8
      '@rollup/rollup-linux-loongarch64-gnu': 4.34.8
      '@rollup/rollup-linux-powerpc64le-gnu': 4.34.8
      '@rollup/rollup-linux-riscv64-gnu': 4.34.8
      '@rollup/rollup-linux-s390x-gnu': 4.34.8
      '@rollup/rollup-linux-x64-gnu': 4.34.8
      '@rollup/rollup-linux-x64-musl': 4.34.8
      '@rollup/rollup-win32-arm64-msvc': 4.34.8
      '@rollup/rollup-win32-ia32-msvc': 4.34.8
      '@rollup/rollup-win32-x64-msvc': 4.34.8
      fsevents: 2.3.3

  simple-notify@1.0.6: {}

  sirv@2.0.4:
    dependencies:
      '@polka/url': 1.0.0-next.28
      mrmime: 2.0.1
      totalist: 3.0.1

  sort-on@6.1.0:
    dependencies:
      dot-prop: 9.0.0

  source-map-js@1.2.1: {}

  steno@4.0.2: {}

  totalist@3.0.1: {}

  type-fest@4.35.0: {}

  typescript@5.7.3: {}

  vite@6.1.0:
    dependencies:
      esbuild: 0.24.2
      postcss: 8.5.2
      rollup: 4.34.8
    optionalDependencies:
      fsevents: 2.3.3
