{
    "_readme": [
        "This file locks the dependencies of your project to a known state",
        "Read more about it at https://getcomposer.org/doc/01-basic-usage.md#installing-dependencies",
        "This file is @generated automatically"
    ],
    "content-hash": "6eb82e5dd28ed20b4cc12033ae72e483",
    "packages": [
        {
            "name": "phputil/cors",
            "version": "v0.5.2",
            "source": {
                "type": "git",
                "url": "https://github.com/thiagodp/cors.git",
                "reference": "0ad511be4240560a3d05f12ec21a848d7392daf8"
            },
            "dist": {
                "type": "zip",
                "url": "https://api.github.com/repos/thiagodp/cors/zipball/0ad511be4240560a3d05f12ec21a848d7392daf8",
                "reference": "0ad511be4240560a3d05f12ec21a848d7392daf8",
                "shasum": ""
            },
            "require-dev": {
                "kahlan/kahlan": "^5.2",
                "phpstan/phpstan": "^1.9",
                "phputil/router": "^0.3.0",
                "symfony/http-client": "^5.4"
            },
            "type": "library",
            "autoload": {
                "files": [
                    "src/cors.php"
                ],
                "psr-4": {
                    "phputil\\cors\\": "src/"
                }
            },
            "notification-url": "https://packagist.org/downloads/",
            "license": [
                "MIT"
            ],
            "description": "CORS middleware for phputil/router",
            "support": {
                "issues": "https://github.com/thiagodp/cors/issues",
                "source": "https://github.com/thiagodp/cors/tree/v0.5.2"
            },
            "time": "2025-01-24T19:46:37+00:00"
        },
        {
            "name": "phputil/router",
            "version": "v0.3.3",
            "source": {
                "type": "git",
                "url": "https://github.com/thiagodp/router.git",
                "reference": "ef02959bc6f71a03db5bf9f8e02d02a40b88f8b0"
            },
            "dist": {
                "type": "zip",
                "url": "https://api.github.com/repos/thiagodp/router/zipball/ef02959bc6f71a03db5bf9f8e02d02a40b88f8b0",
                "reference": "ef02959bc6f71a03db5bf9f8e02d02a40b88f8b0",
                "shasum": ""
            },
            "require": {
                "ext-json": "*",
                "ext-mbstring": "*",
                "ext-pcre": "*",
                "php": ">=7.4"
            },
            "require-dev": {
                "kahlan/kahlan": "^5.2",
                "phpstan/phpstan": "^1.9"
            },
            "type": "library",
            "autoload": {
                "psr-4": {
                    "phputil\\router\\": "src/"
                }
            },
            "notification-url": "https://packagist.org/downloads/",
            "license": [
                "MIT"
            ],
            "description": "ExpressJS-like router for PHP",
            "support": {
                "issues": "https://github.com/thiagodp/router/issues",
                "source": "https://github.com/thiagodp/router/tree/v0.3.3"
            },
            "time": "2024-11-09T21:23:35+00:00"
        }
    ],
    "packages-dev": [
        {
            "name": "phpstan/phpstan",
            "version": "2.1.6",
            "source": {
                "type": "git",
                "url": "https://github.com/phpstan/phpstan.git",
                "reference": "6eaec7c6c9e90dcfe46ad1e1ffa5171e2dab641c"
            },
            "dist": {
                "type": "zip",
                "url": "https://api.github.com/repos/phpstan/phpstan/zipball/6eaec7c6c9e90dcfe46ad1e1ffa5171e2dab641c",
                "reference": "6eaec7c6c9e90dcfe46ad1e1ffa5171e2dab641c",
                "shasum": ""
            },
            "require": {
                "php": "^7.4|^8.0"
            },
            "conflict": {
                "phpstan/phpstan-shim": "*"
            },
            "bin": [
                "phpstan",
                "phpstan.phar"
            ],
            "type": "library",
            "autoload": {
                "files": [
                    "bootstrap.php"
                ]
            },
            "notification-url": "https://packagist.org/downloads/",
            "license": [
                "MIT"
            ],
            "description": "PHPStan - PHP Static Analysis Tool",
            "keywords": [
                "dev",
                "static analysis"
            ],
            "support": {
                "docs": "https://phpstan.org/user-guide/getting-started",
                "forum": "https://github.com/phpstan/phpstan/discussions",
                "issues": "https://github.com/phpstan/phpstan/issues",
                "security": "https://github.com/phpstan/phpstan/security/policy",
                "source": "https://github.com/phpstan/phpstan-src"
            },
            "funding": [
                {
                    "url": "https://github.com/ondrejmirtes",
                    "type": "github"
                },
                {
                    "url": "https://github.com/phpstan",
                    "type": "github"
                }
            ],
            "time": "2025-02-19T15:46:42+00:00"
        }
    ],
    "aliases": [],
    "minimum-stability": "stable",
    "stability-flags": {},
    "prefer-stable": false,
    "prefer-lowest": false,
    "platform": {},
    "platform-dev": {},
    "plugin-api-version": "2.6.0"
}
